// !$*UTF8*$!
{
	archiveVersion = 1;
	classes = {
	};
	objectVersion = 46;
	objects = {

/* Begin PBXBuildFile section */
		BE4009621C5645BC003DF790 /* IGLDropDownItem.m in Sources */ = {isa = PBXBuildFile; fileRef = BE40095F1C5645BC003DF790 /* IGLDropDownItem.m */; };
		BE4009631C5645BC003DF790 /* IGLDropDownMenu.m in Sources */ = {isa = PBXBuildFile; fileRef = BE4009611C5645BC003DF790 /* IGLDropDownMenu.m */; };
		BE4204291C5C571900469350 /* PushBook.swift in Sources */ = {isa = PBXBuildFile; fileRef = BE4204281C5C571900469350 /* PushBook.swift */; };
		BE4204571C5C664400469350 /* MJRefreshAutoFooter.m in Sources */ = {isa = PBXBuildFile; fileRef = BE42042D1C5C664400469350 /* MJRefreshAutoFooter.m */; };
		BE4204581C5C664400469350 /* MJRefreshBackFooter.m in Sources */ = {isa = PBXBuildFile; fileRef = BE42042F1C5C664400469350 /* MJRefreshBackFooter.m */; };
		BE4204591C5C664400469350 /* MJRefreshComponent.m in Sources */ = {isa = PBXBuildFile; fileRef = BE4204311C5C664400469350 /* MJRefreshComponent.m */; };
		BE42045A1C5C664400469350 /* MJRefreshFooter.m in Sources */ = {isa = PBXBuildFile; fileRef = BE4204331C5C664400469350 /* MJRefreshFooter.m */; };
		BE42045B1C5C664400469350 /* MJRefreshHeader.m in Sources */ = {isa = PBXBuildFile; fileRef = BE4204351C5C664400469350 /* MJRefreshHeader.m */; };
		BE42045C1C5C664400469350 /* MJRefreshAutoGifFooter.m in Sources */ = {isa = PBXBuildFile; fileRef = BE42043A1C5C664400469350 /* MJRefreshAutoGifFooter.m */; };
		BE42045D1C5C664400469350 /* MJRefreshAutoNormalFooter.m in Sources */ = {isa = PBXBuildFile; fileRef = BE42043C1C5C664400469350 /* MJRefreshAutoNormalFooter.m */; };
		BE42045E1C5C664400469350 /* MJRefreshAutoStateFooter.m in Sources */ = {isa = PBXBuildFile; fileRef = BE42043E1C5C664400469350 /* MJRefreshAutoStateFooter.m */; };
		BE42045F1C5C664400469350 /* MJRefreshBackGifFooter.m in Sources */ = {isa = PBXBuildFile; fileRef = BE4204411C5C664400469350 /* MJRefreshBackGifFooter.m */; };
		BE4204601C5C664400469350 /* MJRefreshBackNormalFooter.m in Sources */ = {isa = PBXBuildFile; fileRef = BE4204431C5C664400469350 /* MJRefreshBackNormalFooter.m */; };
		BE4204611C5C664400469350 /* MJRefreshBackStateFooter.m in Sources */ = {isa = PBXBuildFile; fileRef = BE4204451C5C664400469350 /* MJRefreshBackStateFooter.m */; };
		BE4204621C5C664400469350 /* MJRefreshGifHeader.m in Sources */ = {isa = PBXBuildFile; fileRef = BE4204481C5C664400469350 /* MJRefreshGifHeader.m */; };
		BE4204631C5C664400469350 /* MJRefreshNormalHeader.m in Sources */ = {isa = PBXBuildFile; fileRef = BE42044A1C5C664400469350 /* MJRefreshNormalHeader.m */; };
		BE4204641C5C664400469350 /* MJRefreshStateHeader.m in Sources */ = {isa = PBXBuildFile; fileRef = BE42044C1C5C664400469350 /* MJRefreshStateHeader.m */; };
		BE4204651C5C664400469350 /* MJRefresh.bundle in Resources */ = {isa = PBXBuildFile; fileRef = BE42044D1C5C664400469350 /* MJRefresh.bundle */; };
		BE4204661C5C664400469350 /* MJRefreshConst.m in Sources */ = {isa = PBXBuildFile; fileRef = BE4204501C5C664400469350 /* MJRefreshConst.m */; };
		BE4204671C5C664400469350 /* UIScrollView+MJExtension.m in Sources */ = {isa = PBXBuildFile; fileRef = BE4204521C5C664400469350 /* UIScrollView+MJExtension.m */; };
		BE4204681C5C664400469350 /* UIScrollView+MJRefresh.m in Sources */ = {isa = PBXBuildFile; fileRef = BE4204541C5C664400469350 /* UIScrollView+MJRefresh.m */; };
		BE4204691C5C664400469350 /* UIView+MJExtension.m in Sources */ = {isa = PBXBuildFile; fileRef = BE4204561C5C664400469350 /* UIView+MJExtension.m */; };
		BE4BCE3A1C79AD3900874964 /* BookDetailView.swift in Sources */ = {isa = PBXBuildFile; fileRef = BE4BCE391C79AD3900874964 /* BookDetailView.swift */; };
		BE4BCE3C1C79BB8700874964 /* BookTabBar.swift in Sources */ = {isa = PBXBuildFile; fileRef = BE4BCE3B1C79BB8700874964 /* BookTabBar.swift */; };
		BE4BCE431C79E63A00874964 /* InputView.m in Sources */ = {isa = PBXBuildFile; fileRef = BE4BCE3F1C79E63A00874964 /* InputView.m */; };
		BE4BCE441C79E63A00874964 /* InputView.xib in Resources */ = {isa = PBXBuildFile; fileRef = BE4BCE401C79E63A00874964 /* InputView.xib */; };
		BE4BCE451C79E63A00874964 /* UIViewExt.m in Sources */ = {isa = PBXBuildFile; fileRef = BE4BCE421C79E63A00874964 /* UIViewExt.m */; };
		BE4BCE471C79F72500874964 /* CommnentViewController.swift in Sources */ = {isa = PBXBuildFile; fileRef = BE4BCE461C79F72500874964 /* CommnentViewController.swift */; };
		BE4BCE491C79F9DA00874964 /* DiscussCell.swift in Sources */ = {isa = PBXBuildFile; fileRef = BE4BCE481C79F9DA00874964 /* DiscussCell.swift */; };
		BECDF74E1C5314C800D70D52 /* AppDelegate.swift in Sources */ = {isa = PBXBuildFile; fileRef = BECDF74D1C5314C800D70D52 /* AppDelegate.swift */; };
		BECDF7581C5314C800D70D52 /* LaunchScreen.storyboard in Resources */ = {isa = PBXBuildFile; fileRef = BECDF7561C5314C800D70D52 /* LaunchScreen.storyboard */; };
		BECDF7611C53265100D70D52 /* AVOSCloud.framework in Frameworks */ = {isa = PBXBuildFile; fileRef = BECDF7601C53265100D70D52 /* AVOSCloud.framework */; };
		BECDF7631C5326EB00D70D52 /* SystemConfiguration.framework in Frameworks */ = {isa = PBXBuildFile; fileRef = BECDF7621C5326EB00D70D52 /* SystemConfiguration.framework */; };
		BECDF7651C5326FD00D70D52 /* MobileCoreServices.framework in Frameworks */ = {isa = PBXBuildFile; fileRef = BECDF7641C5326FD00D70D52 /* MobileCoreServices.framework */; };
		BECDF7671C53271200D70D52 /* CoreTelephony.framework in Frameworks */ = {isa = PBXBuildFile; fileRef = BECDF7661C53271200D70D52 /* CoreTelephony.framework */; };
		BECDF7691C53272500D70D52 /* CoreLocation.framework in Frameworks */ = {isa = PBXBuildFile; fileRef = BECDF7681C53272500D70D52 /* CoreLocation.framework */; };
		BECDF76C1C532A4B00D70D52 /* Config.swift in Sources */ = {isa = PBXBuildFile; fileRef = BECDF76B1C532A4B00D70D52 /* Config.swift */; };
		BECDF7731C532C4C00D70D52 /* RankViewController.swift in Sources */ = {isa = PBXBuildFile; fileRef = BECDF7721C532C4C00D70D52 /* RankViewController.swift */; };
		BECDF7751C532DFB00D70D52 /* SearchViewController.swift in Sources */ = {isa = PBXBuildFile; fileRef = BECDF7741C532DFB00D70D52 /* SearchViewController.swift */; };
		BECDF7771C532E3200D70D52 /* PushViewController.swift in Sources */ = {isa = PBXBuildFile; fileRef = BECDF7761C532E3200D70D52 /* PushViewController.swift */; };
		BECDF7791C532E4A00D70D52 /* CircleViewController.swift in Sources */ = {isa = PBXBuildFile; fileRef = BECDF7781C532E4A00D70D52 /* CircleViewController.swift */; };
		BECDF77B1C532E5D00D70D52 /* MoreViewController.swift in Sources */ = {isa = PBXBuildFile; fileRef = BECDF77A1C532E5D00D70D52 /* MoreViewController.swift */; };
		BECDF77D1C5334FF00D70D52 /* Assets.xcassets in Resources */ = {isa = PBXBuildFile; fileRef = BECDF77C1C5334FF00D70D52 /* Assets.xcassets */; };
		BECDF7881C53B4DE00D70D52 /* PushNewBookViewController.swift in Sources */ = {isa = PBXBuildFile; fileRef = BECDF7871C53B4DE00D70D52 /* PushNewBookViewController.swift */; };
		BECDF78B1C53B66F00D70D52 /* TitleGeneralFactory.swift in Sources */ = {isa = PBXBuildFile; fileRef = BECDF78A1C53B66F00D70D52 /* TitleGeneralFactory.swift */; };
		BECDF78D1C53C42900D70D52 /* BookTitle.swift in Sources */ = {isa = PBXBuildFile; fileRef = BECDF78C1C53C42900D70D52 /* BookTitle.swift */; };
		BECDF79A1C53C78C00D70D52 /* JVFloatLabeledTextField.m in Sources */ = {isa = PBXBuildFile; fileRef = BECDF7951C53C78C00D70D52 /* JVFloatLabeledTextField.m */; };
		BECDF79B1C53C78C00D70D52 /* JVFloatLabeledTextView.m in Sources */ = {isa = PBXBuildFile; fileRef = BECDF7971C53C78C00D70D52 /* JVFloatLabeledTextView.m */; };
		BECDF79C1C53C78C00D70D52 /* NSString+TextDirectionality.m in Sources */ = {isa = PBXBuildFile; fileRef = BECDF7991C53C78C00D70D52 /* NSString+TextDirectionality.m */; };
		BECDF7AB1C53CA0B00D70D52 /* Avatar.png in Resources */ = {isa = PBXBuildFile; fileRef = BECDF79E1C53CA0A00D70D52 /* Avatar.png */; };
		BECDF7AC1C53CA0B00D70D52 /* blank.png in Resources */ = {isa = PBXBuildFile; fileRef = BECDF79F1C53CA0A00D70D52 /* blank.png */; };
		BECDF7AD1C53CA0B00D70D52 /* Blank2.png in Resources */ = {isa = PBXBuildFile; fileRef = BECDF7A01C53CA0A00D70D52 /* Blank2.png */; };
		BECDF7AE1C53CA0B00D70D52 /* Cover.png in Resources */ = {isa = PBXBuildFile; fileRef = BECDF7A11C53CA0A00D70D52 /* Cover.png */; };
		BECDF7AF1C53CA0B00D70D52 /* ear1.png in Resources */ = {isa = PBXBuildFile; fileRef = BECDF7A21C53CA0A00D70D52 /* ear1.png */; };
		BECDF7B01C53CA0B00D70D52 /* ear2.png in Resources */ = {isa = PBXBuildFile; fileRef = BECDF7A31C53CA0A00D70D52 /* ear2.png */; };
		BECDF7B11C53CA0B00D70D52 /* Icon2.png in Resources */ = {isa = PBXBuildFile; fileRef = BECDF7A41C53CA0A00D70D52 /* Icon2.png */; };
		BECDF7B21C53CA0B00D70D52 /* logn.png in Resources */ = {isa = PBXBuildFile; fileRef = BECDF7A51C53CA0A00D70D52 /* logn.png */; };
		BECDF7B31C53CA0B00D70D52 /* page1.png in Resources */ = {isa = PBXBuildFile; fileRef = BECDF7A61C53CA0A00D70D52 /* page1.png */; };
		BECDF7B41C53CA0B00D70D52 /* page2.png in Resources */ = {isa = PBXBuildFile; fileRef = BECDF7A71C53CA0A00D70D52 /* page2.png */; };
		BECDF7B51C53CA0B00D70D52 /* page3.png in Resources */ = {isa = PBXBuildFile; fileRef = BECDF7A81C53CA0A00D70D52 /* page3.png */; };
		BECDF7B61C53CA0B00D70D52 /* page4.png in Resources */ = {isa = PBXBuildFile; fileRef = BECDF7A91C53CA0B00D70D52 /* page4.png */; };
		BECDF7B71C53CA0B00D70D52 /* red_point.png in Resources */ = {isa = PBXBuildFile; fileRef = BECDF7AA1C53CA0B00D70D52 /* red_point.png */; };
		BED033071C546A0300030D92 /* PhotoPickerController.swift in Sources */ = {isa = PBXBuildFile; fileRef = BED033061C546A0300030D92 /* PhotoPickerController.swift */; };
		BED0330B1C5479FF00030D92 /* VPImageCropperViewController.m in Sources */ = {isa = PBXBuildFile; fileRef = BED0330A1C5479FF00030D92 /* VPImageCropperViewController.m */; };
		BED0330D1C5494FD00030D92 /* PushTitleViewController.swift in Sources */ = {isa = PBXBuildFile; fileRef = BED0330C1C5494FD00030D92 /* PushTitleViewController.swift */; };
		BED0330F1C54950D00030D92 /* PushTypeViewController.swift in Sources */ = {isa = PBXBuildFile; fileRef = BED0330E1C54950D00030D92 /* PushTypeViewController.swift */; };
		BED033111C54952300030D92 /* PushScoreViewController.swift in Sources */ = {isa = PBXBuildFile; fileRef = BED033101C54952300030D92 /* PushScoreViewController.swift */; };
		BED033131C54955D00030D92 /* PushDescriptionViewController.swift in Sources */ = {isa = PBXBuildFile; fileRef = BED033121C54955D00030D92 /* PushDescriptionViewController.swift */; };
		BED033191C54ED4100030D92 /* btn_star_evaluation_normal.png in Resources */ = {isa = PBXBuildFile; fileRef = BED033151C54ED4100030D92 /* btn_star_evaluation_normal.png */; };
		BED0331A1C54ED4100030D92 /* btn_star_evaluation_press.png in Resources */ = {isa = PBXBuildFile; fileRef = BED033161C54ED4100030D92 /* btn_star_evaluation_press.png */; };
		BED0331B1C54ED4100030D92 /* LDXScore.m in Sources */ = {isa = PBXBuildFile; fileRef = BED033181C54ED4100030D92 /* LDXScore.m */; };
		BED033301C5516EC00030D92 /* AKSegmentedControl.m in Sources */ = {isa = PBXBuildFile; fileRef = BED0331E1C5516EC00030D92 /* AKSegmentedControl.m */; };
		BED033311C5516EC00030D92 /* segmented-bg-pressed-center.png in Resources */ = {isa = PBXBuildFile; fileRef = BED033201C5516EC00030D92 /* segmented-bg-pressed-center.png */; };
		BED033321C5516EC00030D92 /* segmented-bg-pressed-center@2x.png in Resources */ = {isa = PBXBuildFile; fileRef = BED033211C5516EC00030D92 /* segmented-bg-pressed-center@2x.png */; };
		BED033331C5516EC00030D92 /* segmented-bg-pressed-left.png in Resources */ = {isa = PBXBuildFile; fileRef = BED033221C5516EC00030D92 /* segmented-bg-pressed-left.png */; };
		BED033341C5516EC00030D92 /* segmented-bg-pressed-left@2x.png in Resources */ = {isa = PBXBuildFile; fileRef = BED033231C5516EC00030D92 /* segmented-bg-pressed-left@2x.png */; };
		BED033351C5516EC00030D92 /* segmented-bg-pressed-right.png in Resources */ = {isa = PBXBuildFile; fileRef = BED033241C5516EC00030D92 /* segmented-bg-pressed-right.png */; };
		BED033361C5516EC00030D92 /* segmented-bg-pressed-right@2x.png in Resources */ = {isa = PBXBuildFile; fileRef = BED033251C5516EC00030D92 /* segmented-bg-pressed-right@2x.png */; };
		BED033371C5516EC00030D92 /* segmented-bg.png in Resources */ = {isa = PBXBuildFile; fileRef = BED033261C5516EC00030D92 /* segmented-bg.png */; };
		BED033381C5516EC00030D92 /* segmented-bg@2x.png in Resources */ = {isa = PBXBuildFile; fileRef = BED033271C5516EC00030D92 /* segmented-bg@2x.png */; };
		BED033391C5516EC00030D92 /* segmented-separator.png in Resources */ = {isa = PBXBuildFile; fileRef = BED033281C5516EC00030D92 /* segmented-separator.png */; };
		BED0333A1C5516EC00030D92 /* segmented-separator@2x.png in Resources */ = {isa = PBXBuildFile; fileRef = BED033291C5516EC00030D92 /* segmented-separator@2x.png */; };
		BED0333B1C5516EC00030D92 /* settings-icon.png in Resources */ = {isa = PBXBuildFile; fileRef = BED0332A1C5516EC00030D92 /* settings-icon.png */; };
		BED0333C1C5516EC00030D92 /* settings-icon@2x.png in Resources */ = {isa = PBXBuildFile; fileRef = BED0332B1C5516EC00030D92 /* settings-icon@2x.png */; };
		BED0333D1C5516EC00030D92 /* social-icon.png in Resources */ = {isa = PBXBuildFile; fileRef = BED0332C1C5516EC00030D92 /* social-icon.png */; };
		BED0333E1C5516EC00030D92 /* social-icon@2x.png in Resources */ = {isa = PBXBuildFile; fileRef = BED0332D1C5516EC00030D92 /* social-icon@2x.png */; };
		BED0333F1C5516EC00030D92 /* star-icon.png in Resources */ = {isa = PBXBuildFile; fileRef = BED0332E1C5516EC00030D92 /* star-icon.png */; };
		BED033401C5516EC00030D92 /* star-icon@2x.png in Resources */ = {isa = PBXBuildFile; fileRef = BED0332F1C5516EC00030D92 /* star-icon@2x.png */; };
		BED8DD881C7B253800CD5FB9 /* NSMutableArray+SWUtilityButtons.m in Sources */ = {isa = PBXBuildFile; fileRef = BED8DD7D1C7B253700CD5FB9 /* NSMutableArray+SWUtilityButtons.m */; };
		BED8DD891C7B253800CD5FB9 /* SWCellScrollView.m in Sources */ = {isa = PBXBuildFile; fileRef = BED8DD7F1C7B253700CD5FB9 /* SWCellScrollView.m */; };
		BED8DD8A1C7B253800CD5FB9 /* SWLongPressGestureRecognizer.m in Sources */ = {isa = PBXBuildFile; fileRef = BED8DD811C7B253800CD5FB9 /* SWLongPressGestureRecognizer.m */; };
		BED8DD8B1C7B253800CD5FB9 /* SWTableViewCell.m in Sources */ = {isa = PBXBuildFile; fileRef = BED8DD831C7B253800CD5FB9 /* SWTableViewCell.m */; };
		BED8DD8C1C7B253800CD5FB9 /* SWUtilityButtonTapGestureRecognizer.m in Sources */ = {isa = PBXBuildFile; fileRef = BED8DD851C7B253800CD5FB9 /* SWUtilityButtonTapGestureRecognizer.m */; };
		BED8DD8D1C7B253800CD5FB9 /* SWUtilityButtonView.m in Sources */ = {isa = PBXBuildFile; fileRef = BED8DD871C7B253800CD5FB9 /* SWUtilityButtonView.m */; };
		BED8DD971C7B3A6D00CD5FB9 /* HZIndicatorView.m in Sources */ = {isa = PBXBuildFile; fileRef = BED8DD901C7B3A6D00CD5FB9 /* HZIndicatorView.m */; };
		BED8DD981C7B3A6D00CD5FB9 /* HZPhotoBrowser.m in Sources */ = {isa = PBXBuildFile; fileRef = BED8DD921C7B3A6D00CD5FB9 /* HZPhotoBrowser.m */; };
		BED8DD991C7B3A6D00CD5FB9 /* HZPhotoBrowserView.m in Sources */ = {isa = PBXBuildFile; fileRef = BED8DD951C7B3A6D00CD5FB9 /* HZPhotoBrowserView.m */; };
		BED8DD9A1C7B3A6D00CD5FB9 /* whiteplaceholder.png in Resources */ = {isa = PBXBuildFile; fileRef = BED8DD961C7B3A6D00CD5FB9 /* whiteplaceholder.png */; };
		BEE178F61C58FF6700F05DD3 /* ProgressHUD.bundle in Resources */ = {isa = PBXBuildFile; fileRef = BEE178F31C58FF6700F05DD3 /* ProgressHUD.bundle */; };
		BEE178F71C58FF6700F05DD3 /* ProgressHUD.m in Sources */ = {isa = PBXBuildFile; fileRef = BEE178F51C58FF6700F05DD3 /* ProgressHUD.m */; };
		BEEC2D301C774DC300DFE924 /* BookDetailViewController.swift in Sources */ = {isa = PBXBuildFile; fileRef = BEEC2D2F1C774DC300DFE924 /* BookDetailViewController.swift */; };
		BEEC550A1C74B2F7009FDD55 /* PushBookCellTableViewCell.swift in Sources */ = {isa = PBXBuildFile; fileRef = BEEC55091C74B2F7009FDD55 /* PushBookCellTableViewCell.swift */; };
		BEEC552D1C74BFA8009FDD55 /* MKAnnotationView+WebCache.m in Sources */ = {isa = PBXBuildFile; fileRef = BEEC550D1C74BFA8009FDD55 /* MKAnnotationView+WebCache.m */; };
		BEEC552E1C74BFA8009FDD55 /* NSData+ImageContentType.m in Sources */ = {isa = PBXBuildFile; fileRef = BEEC550F1C74BFA8009FDD55 /* NSData+ImageContentType.m */; };
		BEEC552F1C74BFA8009FDD55 /* SDImageCache.m in Sources */ = {isa = PBXBuildFile; fileRef = BEEC55111C74BFA8009FDD55 /* SDImageCache.m */; };
		BEEC55301C74BFA8009FDD55 /* SDWebImageCompat.m in Sources */ = {isa = PBXBuildFile; fileRef = BEEC55131C74BFA8009FDD55 /* SDWebImageCompat.m */; };
		BEEC55311C74BFA8009FDD55 /* SDWebImageDecoder.m in Sources */ = {isa = PBXBuildFile; fileRef = BEEC55151C74BFA8009FDD55 /* SDWebImageDecoder.m */; };
		BEEC55321C74BFA8009FDD55 /* SDWebImageDownloader.m in Sources */ = {isa = PBXBuildFile; fileRef = BEEC55171C74BFA8009FDD55 /* SDWebImageDownloader.m */; };
		BEEC55331C74BFA8009FDD55 /* SDWebImageDownloaderOperation.m in Sources */ = {isa = PBXBuildFile; fileRef = BEEC55191C74BFA8009FDD55 /* SDWebImageDownloaderOperation.m */; };
		BEEC55341C74BFA8009FDD55 /* SDWebImageManager.m in Sources */ = {isa = PBXBuildFile; fileRef = BEEC551B1C74BFA8009FDD55 /* SDWebImageManager.m */; };
		BEEC55351C74BFA8009FDD55 /* SDWebImagePrefetcher.m in Sources */ = {isa = PBXBuildFile; fileRef = BEEC551E1C74BFA8009FDD55 /* SDWebImagePrefetcher.m */; };
		BEEC55361C74BFA8009FDD55 /* UIButton+WebCache.m in Sources */ = {isa = PBXBuildFile; fileRef = BEEC55201C74BFA8009FDD55 /* UIButton+WebCache.m */; };
		BEEC55371C74BFA8009FDD55 /* UIImage+GIF.m in Sources */ = {isa = PBXBuildFile; fileRef = BEEC55221C74BFA8009FDD55 /* UIImage+GIF.m */; };
		BEEC55381C74BFA8009FDD55 /* UIImage+MultiFormat.m in Sources */ = {isa = PBXBuildFile; fileRef = BEEC55241C74BFA8009FDD55 /* UIImage+MultiFormat.m */; };
		BEEC55391C74BFA8009FDD55 /* UIImage+WebP.m in Sources */ = {isa = PBXBuildFile; fileRef = BEEC55261C74BFA8009FDD55 /* UIImage+WebP.m */; };
		BEEC553A1C74BFA8009FDD55 /* UIImageView+HighlightedWebCache.m in Sources */ = {isa = PBXBuildFile; fileRef = BEEC55281C74BFA8009FDD55 /* UIImageView+HighlightedWebCache.m */; };
		BEEC553B1C74BFA8009FDD55 /* UIImageView+WebCache.m in Sources */ = {isa = PBXBuildFile; fileRef = BEEC552A1C74BFA8009FDD55 /* UIImageView+WebCache.m */; };
		BEEC553C1C74BFA8009FDD55 /* UIView+WebCacheOperation.m in Sources */ = {isa = PBXBuildFile; fileRef = BEEC552C1C74BFA8009FDD55 /* UIView+WebCacheOperation.m */; };
		BEF32A051C57AAA2007D1B93 /* XKeyBoard.m in Sources */ = {isa = PBXBuildFile; fileRef = BEF32A041C57AAA2007D1B93 /* XKeyBoard.m */; };
		BEF32A071C57B0BA007D1B93 /* Info.plist in Resources */ = {isa = PBXBuildFile; fileRef = BEF32A061C57B0BA007D1B93 /* Info.plist */; };
		BEF32A081C57B2B7007D1B93 /* 隶变体.ttf in Resources */ = {isa = PBXBuildFile; fileRef = BECDF77F1C53ACB700D70D52 /* 隶变体.ttf */; };
		BEF32A0B1C57B75F007D1B93 /* Login.storyboard in Resources */ = {isa = PBXBuildFile; fileRef = BEF32A0A1C57B75F007D1B93 /* Login.storyboard */; };
		BEF32A0D1C57BDA8007D1B93 /* LoginViewController.swift in Sources */ = {isa = PBXBuildFile; fileRef = BEF32A0C1C57BDA8007D1B93 /* LoginViewController.swift */; };
		BEF32A0F1C57BDB7007D1B93 /* RegisterViewController.swift in Sources */ = {isa = PBXBuildFile; fileRef = BEF32A0E1C57BDB7007D1B93 /* RegisterViewController.swift */; };
/* End PBXBuildFile section */

/* Begin PBXFileReference section */
		BE40095E1C5645BC003DF790 /* IGLDropDownItem.h */ = {isa = PBXFileReference; fileEncoding = 4; lastKnownFileType = sourcecode.c.h; path = IGLDropDownItem.h; sourceTree = "<group>"; };
		BE40095F1C5645BC003DF790 /* IGLDropDownItem.m */ = {isa = PBXFileReference; fileEncoding = 4; lastKnownFileType = sourcecode.c.objc; path = IGLDropDownItem.m; sourceTree = "<group>"; };
		BE4009601C5645BC003DF790 /* IGLDropDownMenu.h */ = {isa = PBXFileReference; fileEncoding = 4; lastKnownFileType = sourcecode.c.h; path = IGLDropDownMenu.h; sourceTree = "<group>"; };
		BE4009611C5645BC003DF790 /* IGLDropDownMenu.m */ = {isa = PBXFileReference; fileEncoding = 4; lastKnownFileType = sourcecode.c.objc; path = IGLDropDownMenu.m; sourceTree = "<group>"; };
		BE4204281C5C571900469350 /* PushBook.swift */ = {isa = PBXFileReference; fileEncoding = 4; lastKnownFileType = sourcecode.swift; path = PushBook.swift; sourceTree = "<group>"; };
		BE42042C1C5C664400469350 /* MJRefreshAutoFooter.h */ = {isa = PBXFileReference; fileEncoding = 4; lastKnownFileType = sourcecode.c.h; path = MJRefreshAutoFooter.h; sourceTree = "<group>"; };
		BE42042D1C5C664400469350 /* MJRefreshAutoFooter.m */ = {isa = PBXFileReference; fileEncoding = 4; lastKnownFileType = sourcecode.c.objc; path = MJRefreshAutoFooter.m; sourceTree = "<group>"; };
		BE42042E1C5C664400469350 /* MJRefreshBackFooter.h */ = {isa = PBXFileReference; fileEncoding = 4; lastKnownFileType = sourcecode.c.h; path = MJRefreshBackFooter.h; sourceTree = "<group>"; };
		BE42042F1C5C664400469350 /* MJRefreshBackFooter.m */ = {isa = PBXFileReference; fileEncoding = 4; lastKnownFileType = sourcecode.c.objc; path = MJRefreshBackFooter.m; sourceTree = "<group>"; };
		BE4204301C5C664400469350 /* MJRefreshComponent.h */ = {isa = PBXFileReference; fileEncoding = 4; lastKnownFileType = sourcecode.c.h; path = MJRefreshComponent.h; sourceTree = "<group>"; };
		BE4204311C5C664400469350 /* MJRefreshComponent.m */ = {isa = PBXFileReference; fileEncoding = 4; lastKnownFileType = sourcecode.c.objc; path = MJRefreshComponent.m; sourceTree = "<group>"; };
		BE4204321C5C664400469350 /* MJRefreshFooter.h */ = {isa = PBXFileReference; fileEncoding = 4; lastKnownFileType = sourcecode.c.h; path = MJRefreshFooter.h; sourceTree = "<group>"; };
		BE4204331C5C664400469350 /* MJRefreshFooter.m */ = {isa = PBXFileReference; fileEncoding = 4; lastKnownFileType = sourcecode.c.objc; path = MJRefreshFooter.m; sourceTree = "<group>"; };
		BE4204341C5C664400469350 /* MJRefreshHeader.h */ = {isa = PBXFileReference; fileEncoding = 4; lastKnownFileType = sourcecode.c.h; path = MJRefreshHeader.h; sourceTree = "<group>"; };
		BE4204351C5C664400469350 /* MJRefreshHeader.m */ = {isa = PBXFileReference; fileEncoding = 4; lastKnownFileType = sourcecode.c.objc; path = MJRefreshHeader.m; sourceTree = "<group>"; };
		BE4204391C5C664400469350 /* MJRefreshAutoGifFooter.h */ = {isa = PBXFileReference; fileEncoding = 4; lastKnownFileType = sourcecode.c.h; path = MJRefreshAutoGifFooter.h; sourceTree = "<group>"; };
		BE42043A1C5C664400469350 /* MJRefreshAutoGifFooter.m */ = {isa = PBXFileReference; fileEncoding = 4; lastKnownFileType = sourcecode.c.objc; path = MJRefreshAutoGifFooter.m; sourceTree = "<group>"; };
		BE42043B1C5C664400469350 /* MJRefreshAutoNormalFooter.h */ = {isa = PBXFileReference; fileEncoding = 4; lastKnownFileType = sourcecode.c.h; path = MJRefreshAutoNormalFooter.h; sourceTree = "<group>"; };
		BE42043C1C5C664400469350 /* MJRefreshAutoNormalFooter.m */ = {isa = PBXFileReference; fileEncoding = 4; lastKnownFileType = sourcecode.c.objc; path = MJRefreshAutoNormalFooter.m; sourceTree = "<group>"; };
		BE42043D1C5C664400469350 /* MJRefreshAutoStateFooter.h */ = {isa = PBXFileReference; fileEncoding = 4; lastKnownFileType = sourcecode.c.h; path = MJRefreshAutoStateFooter.h; sourceTree = "<group>"; };
		BE42043E1C5C664400469350 /* MJRefreshAutoStateFooter.m */ = {isa = PBXFileReference; fileEncoding = 4; lastKnownFileType = sourcecode.c.objc; path = MJRefreshAutoStateFooter.m; sourceTree = "<group>"; };
		BE4204401C5C664400469350 /* MJRefreshBackGifFooter.h */ = {isa = PBXFileReference; fileEncoding = 4; lastKnownFileType = sourcecode.c.h; path = MJRefreshBackGifFooter.h; sourceTree = "<group>"; };
		BE4204411C5C664400469350 /* MJRefreshBackGifFooter.m */ = {isa = PBXFileReference; fileEncoding = 4; lastKnownFileType = sourcecode.c.objc; path = MJRefreshBackGifFooter.m; sourceTree = "<group>"; };
		BE4204421C5C664400469350 /* MJRefreshBackNormalFooter.h */ = {isa = PBXFileReference; fileEncoding = 4; lastKnownFileType = sourcecode.c.h; path = MJRefreshBackNormalFooter.h; sourceTree = "<group>"; };
		BE4204431C5C664400469350 /* MJRefreshBackNormalFooter.m */ = {isa = PBXFileReference; fileEncoding = 4; lastKnownFileType = sourcecode.c.objc; path = MJRefreshBackNormalFooter.m; sourceTree = "<group>"; };
		BE4204441C5C664400469350 /* MJRefreshBackStateFooter.h */ = {isa = PBXFileReference; fileEncoding = 4; lastKnownFileType = sourcecode.c.h; path = MJRefreshBackStateFooter.h; sourceTree = "<group>"; };
		BE4204451C5C664400469350 /* MJRefreshBackStateFooter.m */ = {isa = PBXFileReference; fileEncoding = 4; lastKnownFileType = sourcecode.c.objc; path = MJRefreshBackStateFooter.m; sourceTree = "<group>"; };
		BE4204471C5C664400469350 /* MJRefreshGifHeader.h */ = {isa = PBXFileReference; fileEncoding = 4; lastKnownFileType = sourcecode.c.h; path = MJRefreshGifHeader.h; sourceTree = "<group>"; };
		BE4204481C5C664400469350 /* MJRefreshGifHeader.m */ = {isa = PBXFileReference; fileEncoding = 4; lastKnownFileType = sourcecode.c.objc; path = MJRefreshGifHeader.m; sourceTree = "<group>"; };
		BE4204491C5C664400469350 /* MJRefreshNormalHeader.h */ = {isa = PBXFileReference; fileEncoding = 4; lastKnownFileType = sourcecode.c.h; path = MJRefreshNormalHeader.h; sourceTree = "<group>"; };
		BE42044A1C5C664400469350 /* MJRefreshNormalHeader.m */ = {isa = PBXFileReference; fileEncoding = 4; lastKnownFileType = sourcecode.c.objc; path = MJRefreshNormalHeader.m; sourceTree = "<group>"; };
		BE42044B1C5C664400469350 /* MJRefreshStateHeader.h */ = {isa = PBXFileReference; fileEncoding = 4; lastKnownFileType = sourcecode.c.h; path = MJRefreshStateHeader.h; sourceTree = "<group>"; };
		BE42044C1C5C664400469350 /* MJRefreshStateHeader.m */ = {isa = PBXFileReference; fileEncoding = 4; lastKnownFileType = sourcecode.c.objc; path = MJRefreshStateHeader.m; sourceTree = "<group>"; };
		BE42044D1C5C664400469350 /* MJRefresh.bundle */ = {isa = PBXFileReference; lastKnownFileType = "wrapper.plug-in"; path = MJRefresh.bundle; sourceTree = "<group>"; };
		BE42044E1C5C664400469350 /* MJRefresh.h */ = {isa = PBXFileReference; fileEncoding = 4; lastKnownFileType = sourcecode.c.h; path = MJRefresh.h; sourceTree = "<group>"; };
		BE42044F1C5C664400469350 /* MJRefreshConst.h */ = {isa = PBXFileReference; fileEncoding = 4; lastKnownFileType = sourcecode.c.h; path = MJRefreshConst.h; sourceTree = "<group>"; };
		BE4204501C5C664400469350 /* MJRefreshConst.m */ = {isa = PBXFileReference; fileEncoding = 4; lastKnownFileType = sourcecode.c.objc; path = MJRefreshConst.m; sourceTree = "<group>"; };
		BE4204511C5C664400469350 /* UIScrollView+MJExtension.h */ = {isa = PBXFileReference; fileEncoding = 4; lastKnownFileType = sourcecode.c.h; path = "UIScrollView+MJExtension.h"; sourceTree = "<group>"; };
		BE4204521C5C664400469350 /* UIScrollView+MJExtension.m */ = {isa = PBXFileReference; fileEncoding = 4; lastKnownFileType = sourcecode.c.objc; path = "UIScrollView+MJExtension.m"; sourceTree = "<group>"; };
		BE4204531C5C664400469350 /* UIScrollView+MJRefresh.h */ = {isa = PBXFileReference; fileEncoding = 4; lastKnownFileType = sourcecode.c.h; path = "UIScrollView+MJRefresh.h"; sourceTree = "<group>"; };
		BE4204541C5C664400469350 /* UIScrollView+MJRefresh.m */ = {isa = PBXFileReference; fileEncoding = 4; lastKnownFileType = sourcecode.c.objc; path = "UIScrollView+MJRefresh.m"; sourceTree = "<group>"; };
		BE4204551C5C664400469350 /* UIView+MJExtension.h */ = {isa = PBXFileReference; fileEncoding = 4; lastKnownFileType = sourcecode.c.h; path = "UIView+MJExtension.h"; sourceTree = "<group>"; };
		BE4204561C5C664400469350 /* UIView+MJExtension.m */ = {isa = PBXFileReference; fileEncoding = 4; lastKnownFileType = sourcecode.c.objc; path = "UIView+MJExtension.m"; sourceTree = "<group>"; };
		BE4BCE391C79AD3900874964 /* BookDetailView.swift */ = {isa = PBXFileReference; fileEncoding = 4; lastKnownFileType = sourcecode.swift; path = BookDetailView.swift; sourceTree = "<group>"; };
		BE4BCE3B1C79BB8700874964 /* BookTabBar.swift */ = {isa = PBXFileReference; fileEncoding = 4; lastKnownFileType = sourcecode.swift; path = BookTabBar.swift; sourceTree = "<group>"; };
		BE4BCE3E1C79E63A00874964 /* InputView.h */ = {isa = PBXFileReference; fileEncoding = 4; lastKnownFileType = sourcecode.c.h; path = InputView.h; sourceTree = "<group>"; };
		BE4BCE3F1C79E63A00874964 /* InputView.m */ = {isa = PBXFileReference; fileEncoding = 4; lastKnownFileType = sourcecode.c.objc; path = InputView.m; sourceTree = "<group>"; };
		BE4BCE401C79E63A00874964 /* InputView.xib */ = {isa = PBXFileReference; fileEncoding = 4; lastKnownFileType = file.xib; path = InputView.xib; sourceTree = "<group>"; };
		BE4BCE411C79E63A00874964 /* UIViewExt.h */ = {isa = PBXFileReference; fileEncoding = 4; lastKnownFileType = sourcecode.c.h; path = UIViewExt.h; sourceTree = "<group>"; };
		BE4BCE421C79E63A00874964 /* UIViewExt.m */ = {isa = PBXFileReference; fileEncoding = 4; lastKnownFileType = sourcecode.c.objc; path = UIViewExt.m; sourceTree = "<group>"; };
		BE4BCE461C79F72500874964 /* CommnentViewController.swift */ = {isa = PBXFileReference; fileEncoding = 4; lastKnownFileType = sourcecode.swift; path = CommnentViewController.swift; sourceTree = "<group>"; };
		BE4BCE481C79F9DA00874964 /* DiscussCell.swift */ = {isa = PBXFileReference; fileEncoding = 4; lastKnownFileType = sourcecode.swift; path = DiscussCell.swift; sourceTree = "<group>"; };
		BECDF74A1C5314C800D70D52 /* RecommendBook.app */ = {isa = PBXFileReference; explicitFileType = wrapper.application; includeInIndex = 0; path = RecommendBook.app; sourceTree = BUILT_PRODUCTS_DIR; };
		BECDF74D1C5314C800D70D52 /* AppDelegate.swift */ = {isa = PBXFileReference; lastKnownFileType = sourcecode.swift; path = AppDelegate.swift; sourceTree = "<group>"; };
		BECDF7571C5314C800D70D52 /* Base */ = {isa = PBXFileReference; lastKnownFileType = file.storyboard; name = Base; path = Base.lproj/LaunchScreen.storyboard; sourceTree = "<group>"; };
		BECDF7601C53265100D70D52 /* AVOSCloud.framework */ = {isa = PBXFileReference; lastKnownFileType = wrapper.framework; path = AVOSCloud.framework; sourceTree = "<group>"; };
		BECDF7621C5326EB00D70D52 /* SystemConfiguration.framework */ = {isa = PBXFileReference; lastKnownFileType = wrapper.framework; name = SystemConfiguration.framework; path = System/Library/Frameworks/SystemConfiguration.framework; sourceTree = SDKROOT; };
		BECDF7641C5326FD00D70D52 /* MobileCoreServices.framework */ = {isa = PBXFileReference; lastKnownFileType = wrapper.framework; name = MobileCoreServices.framework; path = System/Library/Frameworks/MobileCoreServices.framework; sourceTree = SDKROOT; };
		BECDF7661C53271200D70D52 /* CoreTelephony.framework */ = {isa = PBXFileReference; lastKnownFileType = wrapper.framework; name = CoreTelephony.framework; path = System/Library/Frameworks/CoreTelephony.framework; sourceTree = SDKROOT; };
		BECDF7681C53272500D70D52 /* CoreLocation.framework */ = {isa = PBXFileReference; lastKnownFileType = wrapper.framework; name = CoreLocation.framework; path = System/Library/Frameworks/CoreLocation.framework; sourceTree = SDKROOT; };
		BECDF76A1C53294000D70D52 /* bridging.h */ = {isa = PBXFileReference; lastKnownFileType = sourcecode.c.h; path = bridging.h; sourceTree = "<group>"; };
		BECDF76B1C532A4B00D70D52 /* Config.swift */ = {isa = PBXFileReference; fileEncoding = 4; lastKnownFileType = sourcecode.swift; path = Config.swift; sourceTree = "<group>"; };
		BECDF7721C532C4C00D70D52 /* RankViewController.swift */ = {isa = PBXFileReference; fileEncoding = 4; lastKnownFileType = sourcecode.swift; path = RankViewController.swift; sourceTree = "<group>"; };
		BECDF7741C532DFB00D70D52 /* SearchViewController.swift */ = {isa = PBXFileReference; fileEncoding = 4; lastKnownFileType = sourcecode.swift; path = SearchViewController.swift; sourceTree = "<group>"; };
		BECDF7761C532E3200D70D52 /* PushViewController.swift */ = {isa = PBXFileReference; fileEncoding = 4; lastKnownFileType = sourcecode.swift; path = PushViewController.swift; sourceTree = "<group>"; };
		BECDF7781C532E4A00D70D52 /* CircleViewController.swift */ = {isa = PBXFileReference; fileEncoding = 4; lastKnownFileType = sourcecode.swift; path = CircleViewController.swift; sourceTree = "<group>"; };
		BECDF77A1C532E5D00D70D52 /* MoreViewController.swift */ = {isa = PBXFileReference; fileEncoding = 4; lastKnownFileType = sourcecode.swift; path = MoreViewController.swift; sourceTree = "<group>"; };
		BECDF77C1C5334FF00D70D52 /* Assets.xcassets */ = {isa = PBXFileReference; lastKnownFileType = folder.assetcatalog; path = Assets.xcassets; sourceTree = "<group>"; };
		BECDF77F1C53ACB700D70D52 /* 隶变体.ttf */ = {isa = PBXFileReference; lastKnownFileType = file; path = "隶变体.ttf"; sourceTree = "<group>"; };
		BECDF7871C53B4DE00D70D52 /* PushNewBookViewController.swift */ = {isa = PBXFileReference; fileEncoding = 4; lastKnownFileType = sourcecode.swift; path = PushNewBookViewController.swift; sourceTree = "<group>"; };
		BECDF78A1C53B66F00D70D52 /* TitleGeneralFactory.swift */ = {isa = PBXFileReference; fileEncoding = 4; lastKnownFileType = sourcecode.swift; path = TitleGeneralFactory.swift; sourceTree = "<group>"; };
		BECDF78C1C53C42900D70D52 /* BookTitle.swift */ = {isa = PBXFileReference; fileEncoding = 4; lastKnownFileType = sourcecode.swift; path = BookTitle.swift; sourceTree = "<group>"; };
		BECDF7941C53C78C00D70D52 /* JVFloatLabeledTextField.h */ = {isa = PBXFileReference; fileEncoding = 4; lastKnownFileType = sourcecode.c.h; path = JVFloatLabeledTextField.h; sourceTree = "<group>"; };
		BECDF7951C53C78C00D70D52 /* JVFloatLabeledTextField.m */ = {isa = PBXFileReference; fileEncoding = 4; lastKnownFileType = sourcecode.c.objc; path = JVFloatLabeledTextField.m; sourceTree = "<group>"; };
		BECDF7961C53C78C00D70D52 /* JVFloatLabeledTextView.h */ = {isa = PBXFileReference; fileEncoding = 4; lastKnownFileType = sourcecode.c.h; path = JVFloatLabeledTextView.h; sourceTree = "<group>"; };
		BECDF7971C53C78C00D70D52 /* JVFloatLabeledTextView.m */ = {isa = PBXFileReference; fileEncoding = 4; lastKnownFileType = sourcecode.c.objc; path = JVFloatLabeledTextView.m; sourceTree = "<group>"; };
		BECDF7981C53C78C00D70D52 /* NSString+TextDirectionality.h */ = {isa = PBXFileReference; fileEncoding = 4; lastKnownFileType = sourcecode.c.h; path = "NSString+TextDirectionality.h"; sourceTree = "<group>"; };
		BECDF7991C53C78C00D70D52 /* NSString+TextDirectionality.m */ = {isa = PBXFileReference; fileEncoding = 4; lastKnownFileType = sourcecode.c.objc; path = "NSString+TextDirectionality.m"; sourceTree = "<group>"; };
		BECDF79E1C53CA0A00D70D52 /* Avatar.png */ = {isa = PBXFileReference; lastKnownFileType = image.png; path = Avatar.png; sourceTree = "<group>"; };
		BECDF79F1C53CA0A00D70D52 /* blank.png */ = {isa = PBXFileReference; lastKnownFileType = image.png; path = blank.png; sourceTree = "<group>"; };
		BECDF7A01C53CA0A00D70D52 /* Blank2.png */ = {isa = PBXFileReference; lastKnownFileType = image.png; path = Blank2.png; sourceTree = "<group>"; };
		BECDF7A11C53CA0A00D70D52 /* Cover.png */ = {isa = PBXFileReference; lastKnownFileType = image.png; path = Cover.png; sourceTree = "<group>"; };
		BECDF7A21C53CA0A00D70D52 /* ear1.png */ = {isa = PBXFileReference; lastKnownFileType = image.png; path = ear1.png; sourceTree = "<group>"; };
		BECDF7A31C53CA0A00D70D52 /* ear2.png */ = {isa = PBXFileReference; lastKnownFileType = image.png; path = ear2.png; sourceTree = "<group>"; };
		BECDF7A41C53CA0A00D70D52 /* Icon2.png */ = {isa = PBXFileReference; lastKnownFileType = image.png; path = Icon2.png; sourceTree = "<group>"; };
		BECDF7A51C53CA0A00D70D52 /* logn.png */ = {isa = PBXFileReference; lastKnownFileType = image.png; path = logn.png; sourceTree = "<group>"; };
		BECDF7A61C53CA0A00D70D52 /* page1.png */ = {isa = PBXFileReference; lastKnownFileType = image.png; path = page1.png; sourceTree = "<group>"; };
		BECDF7A71C53CA0A00D70D52 /* page2.png */ = {isa = PBXFileReference; lastKnownFileType = image.png; path = page2.png; sourceTree = "<group>"; };
		BECDF7A81C53CA0A00D70D52 /* page3.png */ = {isa = PBXFileReference; lastKnownFileType = image.png; path = page3.png; sourceTree = "<group>"; };
		BECDF7A91C53CA0B00D70D52 /* page4.png */ = {isa = PBXFileReference; lastKnownFileType = image.png; path = page4.png; sourceTree = "<group>"; };
		BECDF7AA1C53CA0B00D70D52 /* red_point.png */ = {isa = PBXFileReference; lastKnownFileType = image.png; path = red_point.png; sourceTree = "<group>"; };
		BED033061C546A0300030D92 /* PhotoPickerController.swift */ = {isa = PBXFileReference; fileEncoding = 4; lastKnownFileType = sourcecode.swift; path = PhotoPickerController.swift; sourceTree = "<group>"; };
		BED033091C5479FF00030D92 /* VPImageCropperViewController.h */ = {isa = PBXFileReference; fileEncoding = 4; lastKnownFileType = sourcecode.c.h; path = VPImageCropperViewController.h; sourceTree = "<group>"; };
		BED0330A1C5479FF00030D92 /* VPImageCropperViewController.m */ = {isa = PBXFileReference; fileEncoding = 4; lastKnownFileType = sourcecode.c.objc; path = VPImageCropperViewController.m; sourceTree = "<group>"; };
		BED0330C1C5494FD00030D92 /* PushTitleViewController.swift */ = {isa = PBXFileReference; fileEncoding = 4; lastKnownFileType = sourcecode.swift; path = PushTitleViewController.swift; sourceTree = "<group>"; };
		BED0330E1C54950D00030D92 /* PushTypeViewController.swift */ = {isa = PBXFileReference; fileEncoding = 4; lastKnownFileType = sourcecode.swift; path = PushTypeViewController.swift; sourceTree = "<group>"; };
		BED033101C54952300030D92 /* PushScoreViewController.swift */ = {isa = PBXFileReference; fileEncoding = 4; lastKnownFileType = sourcecode.swift; path = PushScoreViewController.swift; sourceTree = "<group>"; };
		BED033121C54955D00030D92 /* PushDescriptionViewController.swift */ = {isa = PBXFileReference; fileEncoding = 4; lastKnownFileType = sourcecode.swift; path = PushDescriptionViewController.swift; sourceTree = "<group>"; };
		BED033151C54ED4100030D92 /* btn_star_evaluation_normal.png */ = {isa = PBXFileReference; lastKnownFileType = image.png; path = btn_star_evaluation_normal.png; sourceTree = "<group>"; };
		BED033161C54ED4100030D92 /* btn_star_evaluation_press.png */ = {isa = PBXFileReference; lastKnownFileType = image.png; path = btn_star_evaluation_press.png; sourceTree = "<group>"; };
		BED033171C54ED4100030D92 /* LDXScore.h */ = {isa = PBXFileReference; fileEncoding = 4; lastKnownFileType = sourcecode.c.h; path = LDXScore.h; sourceTree = "<group>"; };
		BED033181C54ED4100030D92 /* LDXScore.m */ = {isa = PBXFileReference; fileEncoding = 4; lastKnownFileType = sourcecode.c.objc; path = LDXScore.m; sourceTree = "<group>"; };
		BED0331D1C5516EC00030D92 /* AKSegmentedControl.h */ = {isa = PBXFileReference; fileEncoding = 4; lastKnownFileType = sourcecode.c.h; path = AKSegmentedControl.h; sourceTree = "<group>"; };
		BED0331E1C5516EC00030D92 /* AKSegmentedControl.m */ = {isa = PBXFileReference; fileEncoding = 4; lastKnownFileType = sourcecode.c.objc; path = AKSegmentedControl.m; sourceTree = "<group>"; };
		BED033201C5516EC00030D92 /* segmented-bg-pressed-center.png */ = {isa = PBXFileReference; lastKnownFileType = image.png; path = "segmented-bg-pressed-center.png"; sourceTree = "<group>"; };
		BED033211C5516EC00030D92 /* segmented-bg-pressed-center@2x.png */ = {isa = PBXFileReference; lastKnownFileType = image.png; path = "segmented-bg-pressed-center@2x.png"; sourceTree = "<group>"; };
		BED033221C5516EC00030D92 /* segmented-bg-pressed-left.png */ = {isa = PBXFileReference; lastKnownFileType = image.png; path = "segmented-bg-pressed-left.png"; sourceTree = "<group>"; };
		BED033231C5516EC00030D92 /* segmented-bg-pressed-left@2x.png */ = {isa = PBXFileReference; lastKnownFileType = image.png; path = "segmented-bg-pressed-left@2x.png"; sourceTree = "<group>"; };
		BED033241C5516EC00030D92 /* segmented-bg-pressed-right.png */ = {isa = PBXFileReference; lastKnownFileType = image.png; path = "segmented-bg-pressed-right.png"; sourceTree = "<group>"; };
		BED033251C5516EC00030D92 /* segmented-bg-pressed-right@2x.png */ = {isa = PBXFileReference; lastKnownFileType = image.png; path = "segmented-bg-pressed-right@2x.png"; sourceTree = "<group>"; };
		BED033261C5516EC00030D92 /* segmented-bg.png */ = {isa = PBXFileReference; lastKnownFileType = image.png; path = "segmented-bg.png"; sourceTree = "<group>"; };
		BED033271C5516EC00030D92 /* segmented-bg@2x.png */ = {isa = PBXFileReference; lastKnownFileType = image.png; path = "segmented-bg@2x.png"; sourceTree = "<group>"; };
		BED033281C5516EC00030D92 /* segmented-separator.png */ = {isa = PBXFileReference; lastKnownFileType = image.png; path = "segmented-separator.png"; sourceTree = "<group>"; };
		BED033291C5516EC00030D92 /* segmented-separator@2x.png */ = {isa = PBXFileReference; lastKnownFileType = image.png; path = "segmented-separator@2x.png"; sourceTree = "<group>"; };
		BED0332A1C5516EC00030D92 /* settings-icon.png */ = {isa = PBXFileReference; lastKnownFileType = image.png; path = "settings-icon.png"; sourceTree = "<group>"; };
		BED0332B1C5516EC00030D92 /* settings-icon@2x.png */ = {isa = PBXFileReference; lastKnownFileType = image.png; path = "settings-icon@2x.png"; sourceTree = "<group>"; };
		BED0332C1C5516EC00030D92 /* social-icon.png */ = {isa = PBXFileReference; lastKnownFileType = image.png; path = "social-icon.png"; sourceTree = "<group>"; };
		BED0332D1C5516EC00030D92 /* social-icon@2x.png */ = {isa = PBXFileReference; lastKnownFileType = image.png; path = "social-icon@2x.png"; sourceTree = "<group>"; };
		BED0332E1C5516EC00030D92 /* star-icon.png */ = {isa = PBXFileReference; lastKnownFileType = image.png; path = "star-icon.png"; sourceTree = "<group>"; };
		BED0332F1C5516EC00030D92 /* star-icon@2x.png */ = {isa = PBXFileReference; lastKnownFileType = image.png; path = "star-icon@2x.png"; sourceTree = "<group>"; };
		BED8DD7C1C7B253700CD5FB9 /* NSMutableArray+SWUtilityButtons.h */ = {isa = PBXFileReference; fileEncoding = 4; lastKnownFileType = sourcecode.c.h; path = "NSMutableArray+SWUtilityButtons.h"; sourceTree = "<group>"; };
		BED8DD7D1C7B253700CD5FB9 /* NSMutableArray+SWUtilityButtons.m */ = {isa = PBXFileReference; fileEncoding = 4; lastKnownFileType = sourcecode.c.objc; path = "NSMutableArray+SWUtilityButtons.m"; sourceTree = "<group>"; };
		BED8DD7E1C7B253700CD5FB9 /* SWCellScrollView.h */ = {isa = PBXFileReference; fileEncoding = 4; lastKnownFileType = sourcecode.c.h; path = SWCellScrollView.h; sourceTree = "<group>"; };
		BED8DD7F1C7B253700CD5FB9 /* SWCellScrollView.m */ = {isa = PBXFileReference; fileEncoding = 4; lastKnownFileType = sourcecode.c.objc; path = SWCellScrollView.m; sourceTree = "<group>"; };
		BED8DD801C7B253700CD5FB9 /* SWLongPressGestureRecognizer.h */ = {isa = PBXFileReference; fileEncoding = 4; lastKnownFileType = sourcecode.c.h; path = SWLongPressGestureRecognizer.h; sourceTree = "<group>"; };
		BED8DD811C7B253800CD5FB9 /* SWLongPressGestureRecognizer.m */ = {isa = PBXFileReference; fileEncoding = 4; lastKnownFileType = sourcecode.c.objc; path = SWLongPressGestureRecognizer.m; sourceTree = "<group>"; };
		BED8DD821C7B253800CD5FB9 /* SWTableViewCell.h */ = {isa = PBXFileReference; fileEncoding = 4; lastKnownFileType = sourcecode.c.h; path = SWTableViewCell.h; sourceTree = "<group>"; };
		BED8DD831C7B253800CD5FB9 /* SWTableViewCell.m */ = {isa = PBXFileReference; fileEncoding = 4; lastKnownFileType = sourcecode.c.objc; path = SWTableViewCell.m; sourceTree = "<group>"; };
		BED8DD841C7B253800CD5FB9 /* SWUtilityButtonTapGestureRecognizer.h */ = {isa = PBXFileReference; fileEncoding = 4; lastKnownFileType = sourcecode.c.h; path = SWUtilityButtonTapGestureRecognizer.h; sourceTree = "<group>"; };
		BED8DD851C7B253800CD5FB9 /* SWUtilityButtonTapGestureRecognizer.m */ = {isa = PBXFileReference; fileEncoding = 4; lastKnownFileType = sourcecode.c.objc; path = SWUtilityButtonTapGestureRecognizer.m; sourceTree = "<group>"; };
		BED8DD861C7B253800CD5FB9 /* SWUtilityButtonView.h */ = {isa = PBXFileReference; fileEncoding = 4; lastKnownFileType = sourcecode.c.h; path = SWUtilityButtonView.h; sourceTree = "<group>"; };
		BED8DD871C7B253800CD5FB9 /* SWUtilityButtonView.m */ = {isa = PBXFileReference; fileEncoding = 4; lastKnownFileType = sourcecode.c.objc; path = SWUtilityButtonView.m; sourceTree = "<group>"; };
		BED8DD8F1C7B3A6D00CD5FB9 /* HZIndicatorView.h */ = {isa = PBXFileReference; fileEncoding = 4; lastKnownFileType = sourcecode.c.h; path = HZIndicatorView.h; sourceTree = "<group>"; };
		BED8DD901C7B3A6D00CD5FB9 /* HZIndicatorView.m */ = {isa = PBXFileReference; fileEncoding = 4; lastKnownFileType = sourcecode.c.objc; path = HZIndicatorView.m; sourceTree = "<group>"; };
		BED8DD911C7B3A6D00CD5FB9 /* HZPhotoBrowser.h */ = {isa = PBXFileReference; fileEncoding = 4; lastKnownFileType = sourcecode.c.h; path = HZPhotoBrowser.h; sourceTree = "<group>"; };
		BED8DD921C7B3A6D00CD5FB9 /* HZPhotoBrowser.m */ = {isa = PBXFileReference; fileEncoding = 4; lastKnownFileType = sourcecode.c.objc; path = HZPhotoBrowser.m; sourceTree = "<group>"; };
		BED8DD931C7B3A6D00CD5FB9 /* HZPhotoBrowserConfig.h */ = {isa = PBXFileReference; fileEncoding = 4; lastKnownFileType = sourcecode.c.h; path = HZPhotoBrowserConfig.h; sourceTree = "<group>"; };
		BED8DD941C7B3A6D00CD5FB9 /* HZPhotoBrowserView.h */ = {isa = PBXFileReference; fileEncoding = 4; lastKnownFileType = sourcecode.c.h; path = HZPhotoBrowserView.h; sourceTree = "<group>"; };
		BED8DD951C7B3A6D00CD5FB9 /* HZPhotoBrowserView.m */ = {isa = PBXFileReference; fileEncoding = 4; lastKnownFileType = sourcecode.c.objc; path = HZPhotoBrowserView.m; sourceTree = "<group>"; };
		BED8DD961C7B3A6D00CD5FB9 /* whiteplaceholder.png */ = {isa = PBXFileReference; lastKnownFileType = image.png; path = whiteplaceholder.png; sourceTree = "<group>"; };
		BEE178F31C58FF6700F05DD3 /* ProgressHUD.bundle */ = {isa = PBXFileReference; lastKnownFileType = "wrapper.plug-in"; path = ProgressHUD.bundle; sourceTree = "<group>"; };
		BEE178F41C58FF6700F05DD3 /* ProgressHUD.h */ = {isa = PBXFileReference; fileEncoding = 4; lastKnownFileType = sourcecode.c.h; path = ProgressHUD.h; sourceTree = "<group>"; };
		BEE178F51C58FF6700F05DD3 /* ProgressHUD.m */ = {isa = PBXFileReference; fileEncoding = 4; lastKnownFileType = sourcecode.c.objc; path = ProgressHUD.m; sourceTree = "<group>"; };
		BEEC2D2F1C774DC300DFE924 /* BookDetailViewController.swift */ = {isa = PBXFileReference; fileEncoding = 4; lastKnownFileType = sourcecode.swift; path = BookDetailViewController.swift; sourceTree = "<group>"; };
		BEEC55091C74B2F7009FDD55 /* PushBookCellTableViewCell.swift */ = {isa = PBXFileReference; fileEncoding = 4; lastKnownFileType = sourcecode.swift; path = PushBookCellTableViewCell.swift; sourceTree = "<group>"; };
		BEEC550C1C74BFA8009FDD55 /* MKAnnotationView+WebCache.h */ = {isa = PBXFileReference; fileEncoding = 4; lastKnownFileType = sourcecode.c.h; path = "MKAnnotationView+WebCache.h"; sourceTree = "<group>"; };
		BEEC550D1C74BFA8009FDD55 /* MKAnnotationView+WebCache.m */ = {isa = PBXFileReference; fileEncoding = 4; lastKnownFileType = sourcecode.c.objc; path = "MKAnnotationView+WebCache.m"; sourceTree = "<group>"; };
		BEEC550E1C74BFA8009FDD55 /* NSData+ImageContentType.h */ = {isa = PBXFileReference; fileEncoding = 4; lastKnownFileType = sourcecode.c.h; path = "NSData+ImageContentType.h"; sourceTree = "<group>"; };
		BEEC550F1C74BFA8009FDD55 /* NSData+ImageContentType.m */ = {isa = PBXFileReference; fileEncoding = 4; lastKnownFileType = sourcecode.c.objc; path = "NSData+ImageContentType.m"; sourceTree = "<group>"; };
		BEEC55101C74BFA8009FDD55 /* SDImageCache.h */ = {isa = PBXFileReference; fileEncoding = 4; lastKnownFileType = sourcecode.c.h; path = SDImageCache.h; sourceTree = "<group>"; };
		BEEC55111C74BFA8009FDD55 /* SDImageCache.m */ = {isa = PBXFileReference; fileEncoding = 4; lastKnownFileType = sourcecode.c.objc; path = SDImageCache.m; sourceTree = "<group>"; };
		BEEC55121C74BFA8009FDD55 /* SDWebImageCompat.h */ = {isa = PBXFileReference; fileEncoding = 4; lastKnownFileType = sourcecode.c.h; path = SDWebImageCompat.h; sourceTree = "<group>"; };
		BEEC55131C74BFA8009FDD55 /* SDWebImageCompat.m */ = {isa = PBXFileReference; fileEncoding = 4; lastKnownFileType = sourcecode.c.objc; path = SDWebImageCompat.m; sourceTree = "<group>"; };
		BEEC55141C74BFA8009FDD55 /* SDWebImageDecoder.h */ = {isa = PBXFileReference; fileEncoding = 4; lastKnownFileType = sourcecode.c.h; path = SDWebImageDecoder.h; sourceTree = "<group>"; };
		BEEC55151C74BFA8009FDD55 /* SDWebImageDecoder.m */ = {isa = PBXFileReference; fileEncoding = 4; lastKnownFileType = sourcecode.c.objc; path = SDWebImageDecoder.m; sourceTree = "<group>"; };
		BEEC55161C74BFA8009FDD55 /* SDWebImageDownloader.h */ = {isa = PBXFileReference; fileEncoding = 4; lastKnownFileType = sourcecode.c.h; path = SDWebImageDownloader.h; sourceTree = "<group>"; };
		BEEC55171C74BFA8009FDD55 /* SDWebImageDownloader.m */ = {isa = PBXFileReference; fileEncoding = 4; lastKnownFileType = sourcecode.c.objc; path = SDWebImageDownloader.m; sourceTree = "<group>"; };
		BEEC55181C74BFA8009FDD55 /* SDWebImageDownloaderOperation.h */ = {isa = PBXFileReference; fileEncoding = 4; lastKnownFileType = sourcecode.c.h; path = SDWebImageDownloaderOperation.h; sourceTree = "<group>"; };
		BEEC55191C74BFA8009FDD55 /* SDWebImageDownloaderOperation.m */ = {isa = PBXFileReference; fileEncoding = 4; lastKnownFileType = sourcecode.c.objc; path = SDWebImageDownloaderOperation.m; sourceTree = "<group>"; };
		BEEC551A1C74BFA8009FDD55 /* SDWebImageManager.h */ = {isa = PBXFileReference; fileEncoding = 4; lastKnownFileType = sourcecode.c.h; path = SDWebImageManager.h; sourceTree = "<group>"; };
		BEEC551B1C74BFA8009FDD55 /* SDWebImageManager.m */ = {isa = PBXFileReference; fileEncoding = 4; lastKnownFileType = sourcecode.c.objc; path = SDWebImageManager.m; sourceTree = "<group>"; };
		BEEC551C1C74BFA8009FDD55 /* SDWebImageOperation.h */ = {isa = PBXFileReference; fileEncoding = 4; lastKnownFileType = sourcecode.c.h; path = SDWebImageOperation.h; sourceTree = "<group>"; };
		BEEC551D1C74BFA8009FDD55 /* SDWebImagePrefetcher.h */ = {isa = PBXFileReference; fileEncoding = 4; lastKnownFileType = sourcecode.c.h; path = SDWebImagePrefetcher.h; sourceTree = "<group>"; };
		BEEC551E1C74BFA8009FDD55 /* SDWebImagePrefetcher.m */ = {isa = PBXFileReference; fileEncoding = 4; lastKnownFileType = sourcecode.c.objc; path = SDWebImagePrefetcher.m; sourceTree = "<group>"; };
		BEEC551F1C74BFA8009FDD55 /* UIButton+WebCache.h */ = {isa = PBXFileReference; fileEncoding = 4; lastKnownFileType = sourcecode.c.h; path = "UIButton+WebCache.h"; sourceTree = "<group>"; };
		BEEC55201C74BFA8009FDD55 /* UIButton+WebCache.m */ = {isa = PBXFileReference; fileEncoding = 4; lastKnownFileType = sourcecode.c.objc; path = "UIButton+WebCache.m"; sourceTree = "<group>"; };
		BEEC55211C74BFA8009FDD55 /* UIImage+GIF.h */ = {isa = PBXFileReference; fileEncoding = 4; lastKnownFileType = sourcecode.c.h; path = "UIImage+GIF.h"; sourceTree = "<group>"; };
		BEEC55221C74BFA8009FDD55 /* UIImage+GIF.m */ = {isa = PBXFileReference; fileEncoding = 4; lastKnownFileType = sourcecode.c.objc; path = "UIImage+GIF.m"; sourceTree = "<group>"; };
		BEEC55231C74BFA8009FDD55 /* UIImage+MultiFormat.h */ = {isa = PBXFileReference; fileEncoding = 4; lastKnownFileType = sourcecode.c.h; path = "UIImage+MultiFormat.h"; sourceTree = "<group>"; };
		BEEC55241C74BFA8009FDD55 /* UIImage+MultiFormat.m */ = {isa = PBXFileReference; fileEncoding = 4; lastKnownFileType = sourcecode.c.objc; path = "UIImage+MultiFormat.m"; sourceTree = "<group>"; };
		BEEC55251C74BFA8009FDD55 /* UIImage+WebP.h */ = {isa = PBXFileReference; fileEncoding = 4; lastKnownFileType = sourcecode.c.h; path = "UIImage+WebP.h"; sourceTree = "<group>"; };
		BEEC55261C74BFA8009FDD55 /* UIImage+WebP.m */ = {isa = PBXFileReference; fileEncoding = 4; lastKnownFileType = sourcecode.c.objc; path = "UIImage+WebP.m"; sourceTree = "<group>"; };
		BEEC55271C74BFA8009FDD55 /* UIImageView+HighlightedWebCache.h */ = {isa = PBXFileReference; fileEncoding = 4; lastKnownFileType = sourcecode.c.h; path = "UIImageView+HighlightedWebCache.h"; sourceTree = "<group>"; };
		BEEC55281C74BFA8009FDD55 /* UIImageView+HighlightedWebCache.m */ = {isa = PBXFileReference; fileEncoding = 4; lastKnownFileType = sourcecode.c.objc; path = "UIImageView+HighlightedWebCache.m"; sourceTree = "<group>"; };
		BEEC55291C74BFA8009FDD55 /* UIImageView+WebCache.h */ = {isa = PBXFileReference; fileEncoding = 4; lastKnownFileType = sourcecode.c.h; path = "UIImageView+WebCache.h"; sourceTree = "<group>"; };
		BEEC552A1C74BFA8009FDD55 /* UIImageView+WebCache.m */ = {isa = PBXFileReference; fileEncoding = 4; lastKnownFileType = sourcecode.c.objc; path = "UIImageView+WebCache.m"; sourceTree = "<group>"; };
		BEEC552B1C74BFA8009FDD55 /* UIView+WebCacheOperation.h */ = {isa = PBXFileReference; fileEncoding = 4; lastKnownFileType = sourcecode.c.h; path = "UIView+WebCacheOperation.h"; sourceTree = "<group>"; };
		BEEC552C1C74BFA8009FDD55 /* UIView+WebCacheOperation.m */ = {isa = PBXFileReference; fileEncoding = 4; lastKnownFileType = sourcecode.c.objc; path = "UIView+WebCacheOperation.m"; sourceTree = "<group>"; };
		BEF32A031C57AAA2007D1B93 /* XKeyBoard.h */ = {isa = PBXFileReference; fileEncoding = 4; lastKnownFileType = sourcecode.c.h; path = XKeyBoard.h; sourceTree = "<group>"; };
		BEF32A041C57AAA2007D1B93 /* XKeyBoard.m */ = {isa = PBXFileReference; fileEncoding = 4; lastKnownFileType = sourcecode.c.objc; path = XKeyBoard.m; sourceTree = "<group>"; };
		BEF32A061C57B0BA007D1B93 /* Info.plist */ = {isa = PBXFileReference; fileEncoding = 4; lastKnownFileType = text.plist.xml; path = Info.plist; sourceTree = "<group>"; };
		BEF32A0A1C57B75F007D1B93 /* Login.storyboard */ = {isa = PBXFileReference; fileEncoding = 4; lastKnownFileType = file.storyboard; path = Login.storyboard; sourceTree = "<group>"; };
		BEF32A0C1C57BDA8007D1B93 /* LoginViewController.swift */ = {isa = PBXFileReference; fileEncoding = 4; lastKnownFileType = sourcecode.swift; path = LoginViewController.swift; sourceTree = "<group>"; };
		BEF32A0E1C57BDB7007D1B93 /* RegisterViewController.swift */ = {isa = PBXFileReference; fileEncoding = 4; lastKnownFileType = sourcecode.swift; path = RegisterViewController.swift; sourceTree = "<group>"; };
/* End PBXFileReference section */

/* Begin PBXFrameworksBuildPhase section */
		BECDF7471C5314C800D70D52 /* Frameworks */ = {
			isa = PBXFrameworksBuildPhase;
			buildActionMask = 2147483647;
			files = (
				BECDF7691C53272500D70D52 /* CoreLocation.framework in Frameworks */,
				BECDF7671C53271200D70D52 /* CoreTelephony.framework in Frameworks */,
				BECDF7651C5326FD00D70D52 /* MobileCoreServices.framework in Frameworks */,
				BECDF7631C5326EB00D70D52 /* SystemConfiguration.framework in Frameworks */,
				BECDF7611C53265100D70D52 /* AVOSCloud.framework in Frameworks */,
			);
			runOnlyForDeploymentPostprocessing = 0;
		};
/* End PBXFrameworksBuildPhase section */

/* Begin PBXGroup section */
		BE40095D1C5645BC003DF790 /* IGLDropDownMenu */ = {
			isa = PBXGroup;
			children = (
				BE40095E1C5645BC003DF790 /* IGLDropDownItem.h */,
				BE40095F1C5645BC003DF790 /* IGLDropDownItem.m */,
				BE4009601C5645BC003DF790 /* IGLDropDownMenu.h */,
				BE4009611C5645BC003DF790 /* IGLDropDownMenu.m */,
			);
			path = IGLDropDownMenu;
			sourceTree = "<group>";
		};
		BE42042A1C5C664400469350 /* MJRefresh */ = {
			isa = PBXGroup;
			children = (
				BE42042B1C5C664400469350 /* Base */,
				BE4204361C5C664400469350 /* Custom */,
				BE42044D1C5C664400469350 /* MJRefresh.bundle */,
				BE42044E1C5C664400469350 /* MJRefresh.h */,
				BE42044F1C5C664400469350 /* MJRefreshConst.h */,
				BE4204501C5C664400469350 /* MJRefreshConst.m */,
				BE4204511C5C664400469350 /* UIScrollView+MJExtension.h */,
				BE4204521C5C664400469350 /* UIScrollView+MJExtension.m */,
				BE4204531C5C664400469350 /* UIScrollView+MJRefresh.h */,
				BE4204541C5C664400469350 /* UIScrollView+MJRefresh.m */,
				BE4204551C5C664400469350 /* UIView+MJExtension.h */,
				BE4204561C5C664400469350 /* UIView+MJExtension.m */,
			);
			path = MJRefresh;
			sourceTree = "<group>";
		};
		BE42042B1C5C664400469350 /* Base */ = {
			isa = PBXGroup;
			children = (
				BE42042C1C5C664400469350 /* MJRefreshAutoFooter.h */,
				BE42042D1C5C664400469350 /* MJRefreshAutoFooter.m */,
				BE42042E1C5C664400469350 /* MJRefreshBackFooter.h */,
				BE42042F1C5C664400469350 /* MJRefreshBackFooter.m */,
				BE4204301C5C664400469350 /* MJRefreshComponent.h */,
				BE4204311C5C664400469350 /* MJRefreshComponent.m */,
				BE4204321C5C664400469350 /* MJRefreshFooter.h */,
				BE4204331C5C664400469350 /* MJRefreshFooter.m */,
				BE4204341C5C664400469350 /* MJRefreshHeader.h */,
				BE4204351C5C664400469350 /* MJRefreshHeader.m */,
			);
			path = Base;
			sourceTree = "<group>";
		};
		BE4204361C5C664400469350 /* Custom */ = {
			isa = PBXGroup;
			children = (
				BE4204371C5C664400469350 /* Footer */,
				BE4204461C5C664400469350 /* Header */,
			);
			path = Custom;
			sourceTree = "<group>";
		};
		BE4204371C5C664400469350 /* Footer */ = {
			isa = PBXGroup;
			children = (
				BE4204381C5C664400469350 /* Auto */,
				BE42043F1C5C664400469350 /* Back */,
			);
			path = Footer;
			sourceTree = "<group>";
		};
		BE4204381C5C664400469350 /* Auto */ = {
			isa = PBXGroup;
			children = (
				BE4204391C5C664400469350 /* MJRefreshAutoGifFooter.h */,
				BE42043A1C5C664400469350 /* MJRefreshAutoGifFooter.m */,
				BE42043B1C5C664400469350 /* MJRefreshAutoNormalFooter.h */,
				BE42043C1C5C664400469350 /* MJRefreshAutoNormalFooter.m */,
				BE42043D1C5C664400469350 /* MJRefreshAutoStateFooter.h */,
				BE42043E1C5C664400469350 /* MJRefreshAutoStateFooter.m */,
			);
			path = Auto;
			sourceTree = "<group>";
		};
		BE42043F1C5C664400469350 /* Back */ = {
			isa = PBXGroup;
			children = (
				BE4204401C5C664400469350 /* MJRefreshBackGifFooter.h */,
				BE4204411C5C664400469350 /* MJRefreshBackGifFooter.m */,
				BE4204421C5C664400469350 /* MJRefreshBackNormalFooter.h */,
				BE4204431C5C664400469350 /* MJRefreshBackNormalFooter.m */,
				BE4204441C5C664400469350 /* MJRefreshBackStateFooter.h */,
				BE4204451C5C664400469350 /* MJRefreshBackStateFooter.m */,
			);
			path = Back;
			sourceTree = "<group>";
		};
		BE4204461C5C664400469350 /* Header */ = {
			isa = PBXGroup;
			children = (
				BE4204471C5C664400469350 /* MJRefreshGifHeader.h */,
				BE4204481C5C664400469350 /* MJRefreshGifHeader.m */,
				BE4204491C5C664400469350 /* MJRefreshNormalHeader.h */,
				BE42044A1C5C664400469350 /* MJRefreshNormalHeader.m */,
				BE42044B1C5C664400469350 /* MJRefreshStateHeader.h */,
				BE42044C1C5C664400469350 /* MJRefreshStateHeader.m */,
			);
			path = Header;
			sourceTree = "<group>";
		};
		BE4BCE3D1C79E63A00874964 /* InputView */ = {
			isa = PBXGroup;
			children = (
				BE4BCE3E1C79E63A00874964 /* InputView.h */,
				BE4BCE3F1C79E63A00874964 /* InputView.m */,
				BE4BCE401C79E63A00874964 /* InputView.xib */,
				BE4BCE411C79E63A00874964 /* UIViewExt.h */,
				BE4BCE421C79E63A00874964 /* UIViewExt.m */,
			);
			path = InputView;
			sourceTree = "<group>";
		};
		BECDF7411C5314C800D70D52 = {
			isa = PBXGroup;
			children = (
				BECDF77E1C53495000D70D52 /* Resource */,
				BECDF75F1C53261A00D70D52 /* Frameworks */,
				BECDF74C1C5314C800D70D52 /* RecommendBook */,
				BECDF74B1C5314C800D70D52 /* Products */,
			);
			sourceTree = "<group>";
		};
		BECDF74B1C5314C800D70D52 /* Products */ = {
			isa = PBXGroup;
			children = (
				BECDF74A1C5314C800D70D52 /* RecommendBook.app */,
			);
			name = Products;
			sourceTree = "<group>";
		};
		BECDF74C1C5314C800D70D52 /* RecommendBook */ = {
			isa = PBXGroup;
			children = (
				BEEC2D2B1C774D0800DFE924 /* BookDetail */,
				BEF32A091C57B746007D1B93 /* Login */,
				BECDF7891C53B61A00D70D52 /* Factory */,
				BECDF7831C53B49C00D70D52 /* PushNewBook */,
				BECDF7711C532BC300D70D52 /* More */,
				BECDF7701C532BAC00D70D52 /* Circle */,
				BECDF76F1C532B9700D70D52 /* Push */,
				BECDF76E1C532B8F00D70D52 /* Search */,
				BECDF76D1C532B8600D70D52 /* Rank */,
				BECDF74D1C5314C800D70D52 /* AppDelegate.swift */,
				BECDF7561C5314C800D70D52 /* LaunchScreen.storyboard */,
				BEF32A061C57B0BA007D1B93 /* Info.plist */,
				BECDF77C1C5334FF00D70D52 /* Assets.xcassets */,
				BECDF76A1C53294000D70D52 /* bridging.h */,
				BECDF76B1C532A4B00D70D52 /* Config.swift */,
			);
			path = RecommendBook;
			sourceTree = "<group>";
		};
		BECDF75F1C53261A00D70D52 /* Frameworks */ = {
			isa = PBXGroup;
			children = (
				BECDF7681C53272500D70D52 /* CoreLocation.framework */,
				BECDF7661C53271200D70D52 /* CoreTelephony.framework */,
				BECDF7641C5326FD00D70D52 /* MobileCoreServices.framework */,
				BECDF7621C5326EB00D70D52 /* SystemConfiguration.framework */,
				BECDF7601C53265100D70D52 /* AVOSCloud.framework */,
			);
			name = Frameworks;
			sourceTree = "<group>";
		};
		BECDF76D1C532B8600D70D52 /* Rank */ = {
			isa = PBXGroup;
			children = (
				BECDF7721C532C4C00D70D52 /* RankViewController.swift */,
			);
			name = Rank;
			sourceTree = "<group>";
		};
		BECDF76E1C532B8F00D70D52 /* Search */ = {
			isa = PBXGroup;
			children = (
				BECDF7741C532DFB00D70D52 /* SearchViewController.swift */,
			);
			name = Search;
			sourceTree = "<group>";
		};
		BECDF76F1C532B9700D70D52 /* Push */ = {
			isa = PBXGroup;
			children = (
				BECDF7821C53AFE200D70D52 /* C */,
				BECDF7811C53AFDB00D70D52 /* V */,
				BECDF7801C53AFD100D70D52 /* M */,
			);
			name = Push;
			sourceTree = "<group>";
		};
		BECDF7701C532BAC00D70D52 /* Circle */ = {
			isa = PBXGroup;
			children = (
				BECDF7781C532E4A00D70D52 /* CircleViewController.swift */,
			);
			name = Circle;
			sourceTree = "<group>";
		};
		BECDF7711C532BC300D70D52 /* More */ = {
			isa = PBXGroup;
			children = (
				BECDF77A1C532E5D00D70D52 /* MoreViewController.swift */,
			);
			name = More;
			sourceTree = "<group>";
		};
		BECDF77E1C53495000D70D52 /* Resource */ = {
			isa = PBXGroup;
			children = (
				BECDF79D1C53CA0A00D70D52 /* Image */,
				BECDF78E1C53C49800D70D52 /* ThirdKit */,
				BECDF77F1C53ACB700D70D52 /* 隶变体.ttf */,
			);
			name = Resource;
			sourceTree = "<group>";
		};
		BECDF7801C53AFD100D70D52 /* M */ = {
			isa = PBXGroup;
			children = (
			);
			name = M;
			sourceTree = "<group>";
		};
		BECDF7811C53AFDB00D70D52 /* V */ = {
			isa = PBXGroup;
			children = (
				BEEC55091C74B2F7009FDD55 /* PushBookCellTableViewCell.swift */,
			);
			name = V;
			sourceTree = "<group>";
		};
		BECDF7821C53AFE200D70D52 /* C */ = {
			isa = PBXGroup;
			children = (
				BECDF7761C532E3200D70D52 /* PushViewController.swift */,
			);
			name = C;
			sourceTree = "<group>";
		};
		BECDF7831C53B49C00D70D52 /* PushNewBook */ = {
			isa = PBXGroup;
			children = (
				BECDF7861C53B4B900D70D52 /* C */,
				BECDF7851C53B4B300D70D52 /* V */,
				BECDF7841C53B4AD00D70D52 /* M */,
			);
			name = PushNewBook;
			sourceTree = "<group>";
		};
		BECDF7841C53B4AD00D70D52 /* M */ = {
			isa = PBXGroup;
			children = (
				BE4204281C5C571900469350 /* PushBook.swift */,
			);
			name = M;
			sourceTree = "<group>";
		};
		BECDF7851C53B4B300D70D52 /* V */ = {
			isa = PBXGroup;
			children = (
				BECDF78C1C53C42900D70D52 /* BookTitle.swift */,
			);
			name = V;
			sourceTree = "<group>";
		};
		BECDF7861C53B4B900D70D52 /* C */ = {
			isa = PBXGroup;
			children = (
				BECDF7871C53B4DE00D70D52 /* PushNewBookViewController.swift */,
				BED033061C546A0300030D92 /* PhotoPickerController.swift */,
				BED0330C1C5494FD00030D92 /* PushTitleViewController.swift */,
				BED0330E1C54950D00030D92 /* PushTypeViewController.swift */,
				BED033101C54952300030D92 /* PushScoreViewController.swift */,
				BED033121C54955D00030D92 /* PushDescriptionViewController.swift */,
			);
			name = C;
			sourceTree = "<group>";
		};
		BECDF7891C53B61A00D70D52 /* Factory */ = {
			isa = PBXGroup;
			children = (
				BECDF78A1C53B66F00D70D52 /* TitleGeneralFactory.swift */,
			);
			name = Factory;
			sourceTree = "<group>";
		};
		BECDF78E1C53C49800D70D52 /* ThirdKit */ = {
			isa = PBXGroup;
			children = (
				BED8DD8E1C7B3A6D00CD5FB9 /* HZPhotoBrowser */,
				BED8DD7B1C7B253700CD5FB9 /* LeftSwipeCell */,
				BE4BCE3D1C79E63A00874964 /* InputView */,
				BEEC550B1C74BFA8009FDD55 /* SDWebImage */,
				BE42042A1C5C664400469350 /* MJRefresh */,
				BEE178F21C58FF6700F05DD3 /* ProgressHUD */,
				BEF32A021C57AAA2007D1B93 /* XKeyBoard */,
				BE40095D1C5645BC003DF790 /* IGLDropDownMenu */,
				BED0331C1C5516EC00030D92 /* AKSegmentedControl */,
				BED033141C54ED4100030D92 /* LDXScore */,
				BED033081C5479FF00030D92 /* VPImageCropperViewController */,
				BECDF7931C53C77900D70D52 /* JVFloatLabeledTextField */,
			);
			name = ThirdKit;
			sourceTree = "<group>";
		};
		BECDF7931C53C77900D70D52 /* JVFloatLabeledTextField */ = {
			isa = PBXGroup;
			children = (
				BECDF7941C53C78C00D70D52 /* JVFloatLabeledTextField.h */,
				BECDF7951C53C78C00D70D52 /* JVFloatLabeledTextField.m */,
				BECDF7961C53C78C00D70D52 /* JVFloatLabeledTextView.h */,
				BECDF7971C53C78C00D70D52 /* JVFloatLabeledTextView.m */,
				BECDF7981C53C78C00D70D52 /* NSString+TextDirectionality.h */,
				BECDF7991C53C78C00D70D52 /* NSString+TextDirectionality.m */,
			);
			name = JVFloatLabeledTextField;
			sourceTree = "<group>";
		};
		BECDF79D1C53CA0A00D70D52 /* Image */ = {
			isa = PBXGroup;
			children = (
				BECDF79E1C53CA0A00D70D52 /* Avatar.png */,
				BECDF79F1C53CA0A00D70D52 /* blank.png */,
				BECDF7A01C53CA0A00D70D52 /* Blank2.png */,
				BECDF7A11C53CA0A00D70D52 /* Cover.png */,
				BECDF7A21C53CA0A00D70D52 /* ear1.png */,
				BECDF7A31C53CA0A00D70D52 /* ear2.png */,
				BECDF7A41C53CA0A00D70D52 /* Icon2.png */,
				BECDF7A51C53CA0A00D70D52 /* logn.png */,
				BECDF7A61C53CA0A00D70D52 /* page1.png */,
				BECDF7A71C53CA0A00D70D52 /* page2.png */,
				BECDF7A81C53CA0A00D70D52 /* page3.png */,
				BECDF7A91C53CA0B00D70D52 /* page4.png */,
				BECDF7AA1C53CA0B00D70D52 /* red_point.png */,
			);
			path = Image;
			sourceTree = "<group>";
		};
		BED033081C5479FF00030D92 /* VPImageCropperViewController */ = {
			isa = PBXGroup;
			children = (
				BED033091C5479FF00030D92 /* VPImageCropperViewController.h */,
				BED0330A1C5479FF00030D92 /* VPImageCropperViewController.m */,
			);
			path = VPImageCropperViewController;
			sourceTree = "<group>";
		};
		BED033141C54ED4100030D92 /* LDXScore */ = {
			isa = PBXGroup;
			children = (
				BED033151C54ED4100030D92 /* btn_star_evaluation_normal.png */,
				BED033161C54ED4100030D92 /* btn_star_evaluation_press.png */,
				BED033171C54ED4100030D92 /* LDXScore.h */,
				BED033181C54ED4100030D92 /* LDXScore.m */,
			);
			path = LDXScore;
			sourceTree = "<group>";
		};
		BED0331C1C5516EC00030D92 /* AKSegmentedControl */ = {
			isa = PBXGroup;
			children = (
				BED0331D1C5516EC00030D92 /* AKSegmentedControl.h */,
				BED0331E1C5516EC00030D92 /* AKSegmentedControl.m */,
				BED0331F1C5516EC00030D92 /* images */,
			);
			path = AKSegmentedControl;
			sourceTree = "<group>";
		};
		BED0331F1C5516EC00030D92 /* images */ = {
			isa = PBXGroup;
			children = (
				BED033201C5516EC00030D92 /* segmented-bg-pressed-center.png */,
				BED033211C5516EC00030D92 /* segmented-bg-pressed-center@2x.png */,
				BED033221C5516EC00030D92 /* segmented-bg-pressed-left.png */,
				BED033231C5516EC00030D92 /* segmented-bg-pressed-left@2x.png */,
				BED033241C5516EC00030D92 /* segmented-bg-pressed-right.png */,
				BED033251C5516EC00030D92 /* segmented-bg-pressed-right@2x.png */,
				BED033261C5516EC00030D92 /* segmented-bg.png */,
				BED033271C5516EC00030D92 /* segmented-bg@2x.png */,
				BED033281C5516EC00030D92 /* segmented-separator.png */,
				BED033291C5516EC00030D92 /* segmented-separator@2x.png */,
				BED0332A1C5516EC00030D92 /* settings-icon.png */,
				BED0332B1C5516EC00030D92 /* settings-icon@2x.png */,
				BED0332C1C5516EC00030D92 /* social-icon.png */,
				BED0332D1C5516EC00030D92 /* social-icon@2x.png */,
				BED0332E1C5516EC00030D92 /* star-icon.png */,
				BED0332F1C5516EC00030D92 /* star-icon@2x.png */,
			);
			path = images;
			sourceTree = "<group>";
		};
		BED8DD7B1C7B253700CD5FB9 /* LeftSwipeCell */ = {
			isa = PBXGroup;
			children = (
				BED8DD7C1C7B253700CD5FB9 /* NSMutableArray+SWUtilityButtons.h */,
				BED8DD7D1C7B253700CD5FB9 /* NSMutableArray+SWUtilityButtons.m */,
				BED8DD7E1C7B253700CD5FB9 /* SWCellScrollView.h */,
				BED8DD7F1C7B253700CD5FB9 /* SWCellScrollView.m */,
				BED8DD801C7B253700CD5FB9 /* SWLongPressGestureRecognizer.h */,
				BED8DD811C7B253800CD5FB9 /* SWLongPressGestureRecognizer.m */,
				BED8DD821C7B253800CD5FB9 /* SWTableViewCell.h */,
				BED8DD831C7B253800CD5FB9 /* SWTableViewCell.m */,
				BED8DD841C7B253800CD5FB9 /* SWUtilityButtonTapGestureRecognizer.h */,
				BED8DD851C7B253800CD5FB9 /* SWUtilityButtonTapGestureRecognizer.m */,
				BED8DD861C7B253800CD5FB9 /* SWUtilityButtonView.h */,
				BED8DD871C7B253800CD5FB9 /* SWUtilityButtonView.m */,
			);
			path = LeftSwipeCell;
			sourceTree = "<group>";
		};
		BED8DD8E1C7B3A6D00CD5FB9 /* HZPhotoBrowser */ = {
			isa = PBXGroup;
			children = (
				BED8DD8F1C7B3A6D00CD5FB9 /* HZIndicatorView.h */,
				BED8DD901C7B3A6D00CD5FB9 /* HZIndicatorView.m */,
				BED8DD911C7B3A6D00CD5FB9 /* HZPhotoBrowser.h */,
				BED8DD921C7B3A6D00CD5FB9 /* HZPhotoBrowser.m */,
				BED8DD931C7B3A6D00CD5FB9 /* HZPhotoBrowserConfig.h */,
				BED8DD941C7B3A6D00CD5FB9 /* HZPhotoBrowserView.h */,
				BED8DD951C7B3A6D00CD5FB9 /* HZPhotoBrowserView.m */,
				BED8DD961C7B3A6D00CD5FB9 /* whiteplaceholder.png */,
			);
			path = HZPhotoBrowser;
			sourceTree = "<group>";
		};
		BEE178F21C58FF6700F05DD3 /* ProgressHUD */ = {
			isa = PBXGroup;
			children = (
				BEE178F31C58FF6700F05DD3 /* ProgressHUD.bundle */,
				BEE178F41C58FF6700F05DD3 /* ProgressHUD.h */,
				BEE178F51C58FF6700F05DD3 /* ProgressHUD.m */,
			);
			path = ProgressHUD;
			sourceTree = "<group>";
		};
		BEEC2D2B1C774D0800DFE924 /* BookDetail */ = {
			isa = PBXGroup;
			children = (
				BEEC2D2E1C774D6100DFE924 /* C */,
				BEEC2D2D1C774D5A00DFE924 /* V */,
				BEEC2D2C1C774D5100DFE924 /* M */,
			);
			path = BookDetail;
			sourceTree = "<group>";
		};
		BEEC2D2C1C774D5100DFE924 /* M */ = {
			isa = PBXGroup;
			children = (
			);
			name = M;
			sourceTree = "<group>";
		};
		BEEC2D2D1C774D5A00DFE924 /* V */ = {
			isa = PBXGroup;
			children = (
				BE4BCE391C79AD3900874964 /* BookDetailView.swift */,
				BE4BCE3B1C79BB8700874964 /* BookTabBar.swift */,
				BE4BCE481C79F9DA00874964 /* DiscussCell.swift */,
			);
			name = V;
			sourceTree = "<group>";
		};
		BEEC2D2E1C774D6100DFE924 /* C */ = {
			isa = PBXGroup;
			children = (
				BEEC2D2F1C774DC300DFE924 /* BookDetailViewController.swift */,
				BE4BCE461C79F72500874964 /* CommnentViewController.swift */,
			);
			name = C;
			sourceTree = "<group>";
		};
		BEEC550B1C74BFA8009FDD55 /* SDWebImage */ = {
			isa = PBXGroup;
			children = (
				BEEC550C1C74BFA8009FDD55 /* MKAnnotationView+WebCache.h */,
				BEEC550D1C74BFA8009FDD55 /* MKAnnotationView+WebCache.m */,
				BEEC550E1C74BFA8009FDD55 /* NSData+ImageContentType.h */,
				BEEC550F1C74BFA8009FDD55 /* NSData+ImageContentType.m */,
				BEEC55101C74BFA8009FDD55 /* SDImageCache.h */,
				BEEC55111C74BFA8009FDD55 /* SDImageCache.m */,
				BEEC55121C74BFA8009FDD55 /* SDWebImageCompat.h */,
				BEEC55131C74BFA8009FDD55 /* SDWebImageCompat.m */,
				BEEC55141C74BFA8009FDD55 /* SDWebImageDecoder.h */,
				BEEC55151C74BFA8009FDD55 /* SDWebImageDecoder.m */,
				BEEC55161C74BFA8009FDD55 /* SDWebImageDownloader.h */,
				BEEC55171C74BFA8009FDD55 /* SDWebImageDownloader.m */,
				BEEC55181C74BFA8009FDD55 /* SDWebImageDownloaderOperation.h */,
				BEEC55191C74BFA8009FDD55 /* SDWebImageDownloaderOperation.m */,
				BEEC551A1C74BFA8009FDD55 /* SDWebImageManager.h */,
				BEEC551B1C74BFA8009FDD55 /* SDWebImageManager.m */,
				BEEC551C1C74BFA8009FDD55 /* SDWebImageOperation.h */,
				BEEC551D1C74BFA8009FDD55 /* SDWebImagePrefetcher.h */,
				BEEC551E1C74BFA8009FDD55 /* SDWebImagePrefetcher.m */,
				BEEC551F1C74BFA8009FDD55 /* UIButton+WebCache.h */,
				BEEC55201C74BFA8009FDD55 /* UIButton+WebCache.m */,
				BEEC55211C74BFA8009FDD55 /* UIImage+GIF.h */,
				BEEC55221C74BFA8009FDD55 /* UIImage+GIF.m */,
				BEEC55231C74BFA8009FDD55 /* UIImage+MultiFormat.h */,
				BEEC55241C74BFA8009FDD55 /* UIImage+MultiFormat.m */,
				BEEC55251C74BFA8009FDD55 /* UIImage+WebP.h */,
				BEEC55261C74BFA8009FDD55 /* UIImage+WebP.m */,
				BEEC55271C74BFA8009FDD55 /* UIImageView+HighlightedWebCache.h */,
				BEEC55281C74BFA8009FDD55 /* UIImageView+HighlightedWebCache.m */,
				BEEC55291C74BFA8009FDD55 /* UIImageView+WebCache.h */,
				BEEC552A1C74BFA8009FDD55 /* UIImageView+WebCache.m */,
				BEEC552B1C74BFA8009FDD55 /* UIView+WebCacheOperation.h */,
				BEEC552C1C74BFA8009FDD55 /* UIView+WebCacheOperation.m */,
			);
			path = SDWebImage;
			sourceTree = "<group>";
		};
		BEF32A021C57AAA2007D1B93 /* XKeyBoard */ = {
			isa = PBXGroup;
			children = (
				BEF32A031C57AAA2007D1B93 /* XKeyBoard.h */,
				BEF32A041C57AAA2007D1B93 /* XKeyBoard.m */,
			);
			path = XKeyBoard;
			sourceTree = "<group>";
		};
		BEF32A091C57B746007D1B93 /* Login */ = {
			isa = PBXGroup;
			children = (
				BEF32A0A1C57B75F007D1B93 /* Login.storyboard */,
				BEF32A0C1C57BDA8007D1B93 /* LoginViewController.swift */,
				BEF32A0E1C57BDB7007D1B93 /* RegisterViewController.swift */,
			);
			name = Login;
			sourceTree = "<group>";
		};
/* End PBXGroup section */

/* Begin PBXNativeTarget section */
		BECDF7491C5314C800D70D52 /* RecommendBook */ = {
			isa = PBXNativeTarget;
			buildConfigurationList = BECDF75C1C5314C800D70D52 /* Build configuration list for PBXNativeTarget "RecommendBook" */;
			buildPhases = (
				BECDF7461C5314C800D70D52 /* Sources */,
				BECDF7471C5314C800D70D52 /* Frameworks */,
				BECDF7481C5314C800D70D52 /* Resources */,
			);
			buildRules = (
			);
			dependencies = (
			);
			name = RecommendBook;
			productName = RecommendBook;
			productReference = BECDF74A1C5314C800D70D52 /* RecommendBook.app */;
			productType = "com.apple.product-type.application";
		};
/* End PBXNativeTarget section */

/* Begin PBXProject section */
		BECDF7421C5314C800D70D52 /* Project object */ = {
			isa = PBXProject;
			attributes = {
				LastSwiftUpdateCheck = 0710;
				LastUpgradeCheck = 0710;
				ORGANIZATIONNAME = "梁传飞";
				TargetAttributes = {
					BECDF7491C5314C800D70D52 = {
						CreatedOnToolsVersion = 7.1;
						DevelopmentTeam = 2EY7Q8C52T;
					};
				};
			};
			buildConfigurationList = BECDF7451C5314C800D70D52 /* Build configuration list for PBXProject "RecommendBook" */;
			compatibilityVersion = "Xcode 3.2";
			developmentRegion = English;
			hasScannedForEncodings = 0;
			knownRegions = (
				en,
				Base,
			);
			mainGroup = BECDF7411C5314C800D70D52;
			productRefGroup = BECDF74B1C5314C800D70D52 /* Products */;
			projectDirPath = "";
			projectRoot = "";
			targets = (
				BECDF7491C5314C800D70D52 /* RecommendBook */,
			);
		};
/* End PBXProject section */

/* Begin PBXResourcesBuildPhase section */
		BECDF7481C5314C800D70D52 /* Resources */ = {
			isa = PBXResourcesBuildPhase;
			buildActionMask = 2147483647;
			files = (
				BEF32A081C57B2B7007D1B93 /* 隶变体.ttf in Resources */,
				BECDF7AC1C53CA0B00D70D52 /* blank.png in Resources */,
				BED033321C5516EC00030D92 /* segmented-bg-pressed-center@2x.png in Resources */,
				BED0333E1C5516EC00030D92 /* social-icon@2x.png in Resources */,
				BE4204651C5C664400469350 /* MJRefresh.bundle in Resources */,
				BECDF7B21C53CA0B00D70D52 /* logn.png in Resources */,
				BED0333B1C5516EC00030D92 /* settings-icon.png in Resources */,
				BECDF7AE1C53CA0B00D70D52 /* Cover.png in Resources */,
				BED033311C5516EC00030D92 /* segmented-bg-pressed-center.png in Resources */,
				BEF32A0B1C57B75F007D1B93 /* Login.storyboard in Resources */,
				BECDF7B61C53CA0B00D70D52 /* page4.png in Resources */,
				BECDF7B31C53CA0B00D70D52 /* page1.png in Resources */,
				BECDF7B71C53CA0B00D70D52 /* red_point.png in Resources */,
				BEE178F61C58FF6700F05DD3 /* ProgressHUD.bundle in Resources */,
				BEF32A071C57B0BA007D1B93 /* Info.plist in Resources */,
				BED0333D1C5516EC00030D92 /* social-icon.png in Resources */,
				BED0331A1C54ED4100030D92 /* btn_star_evaluation_press.png in Resources */,
				BED033341C5516EC00030D92 /* segmented-bg-pressed-left@2x.png in Resources */,
				BECDF77D1C5334FF00D70D52 /* Assets.xcassets in Resources */,
				BECDF7AB1C53CA0B00D70D52 /* Avatar.png in Resources */,
				BECDF7B51C53CA0B00D70D52 /* page3.png in Resources */,
				BED0333F1C5516EC00030D92 /* star-icon.png in Resources */,
				BED033371C5516EC00030D92 /* segmented-bg.png in Resources */,
				BECDF7AF1C53CA0B00D70D52 /* ear1.png in Resources */,
				BED033381C5516EC00030D92 /* segmented-bg@2x.png in Resources */,
				BED033331C5516EC00030D92 /* segmented-bg-pressed-left.png in Resources */,
				BE4BCE441C79E63A00874964 /* InputView.xib in Resources */,
				BED8DD9A1C7B3A6D00CD5FB9 /* whiteplaceholder.png in Resources */,
				BED033361C5516EC00030D92 /* segmented-bg-pressed-right@2x.png in Resources */,
				BECDF7B01C53CA0B00D70D52 /* ear2.png in Resources */,
				BED0333C1C5516EC00030D92 /* settings-icon@2x.png in Resources */,
				BECDF7B11C53CA0B00D70D52 /* Icon2.png in Resources */,
				BED033391C5516EC00030D92 /* segmented-separator.png in Resources */,
				BECDF7AD1C53CA0B00D70D52 /* Blank2.png in Resources */,
				BED033191C54ED4100030D92 /* btn_star_evaluation_normal.png in Resources */,
				BED033401C5516EC00030D92 /* star-icon@2x.png in Resources */,
				BED033351C5516EC00030D92 /* segmented-bg-pressed-right.png in Resources */,
				BECDF7581C5314C800D70D52 /* LaunchScreen.storyboard in Resources */,
				BED0333A1C5516EC00030D92 /* segmented-separator@2x.png in Resources */,
				BECDF7B41C53CA0B00D70D52 /* page2.png in Resources */,
			);
			runOnlyForDeploymentPostprocessing = 0;
		};
/* End PBXResourcesBuildPhase section */

/* Begin PBXSourcesBuildPhase section */
		BECDF7461C5314C800D70D52 /* Sources */ = {
			isa = PBXSourcesBuildPhase;
			buildActionMask = 2147483647;
			files = (
				BEEC55311C74BFA8009FDD55 /* SDWebImageDecoder.m in Sources */,
				BEEC55351C74BFA8009FDD55 /* SDWebImagePrefetcher.m in Sources */,
				BE4BCE3C1C79BB8700874964 /* BookTabBar.swift in Sources */,
				BECDF78B1C53B66F00D70D52 /* TitleGeneralFactory.swift in Sources */,
				BEEC553A1C74BFA8009FDD55 /* UIImageView+HighlightedWebCache.m in Sources */,
				BEEC2D301C774DC300DFE924 /* BookDetailViewController.swift in Sources */,
				BE42045C1C5C664400469350 /* MJRefreshAutoGifFooter.m in Sources */,
				BED8DD8C1C7B253800CD5FB9 /* SWUtilityButtonTapGestureRecognizer.m in Sources */,
				BE4204611C5C664400469350 /* MJRefreshBackStateFooter.m in Sources */,
				BE4204691C5C664400469350 /* UIView+MJExtension.m in Sources */,
				BE42045A1C5C664400469350 /* MJRefreshFooter.m in Sources */,
				BEEC55391C74BFA8009FDD55 /* UIImage+WebP.m in Sources */,
				BED0331B1C54ED4100030D92 /* LDXScore.m in Sources */,
				BE4BCE431C79E63A00874964 /* InputView.m in Sources */,
				BECDF77B1C532E5D00D70D52 /* MoreViewController.swift in Sources */,
				BE4204571C5C664400469350 /* MJRefreshAutoFooter.m in Sources */,
				BEEC550A1C74B2F7009FDD55 /* PushBookCellTableViewCell.swift in Sources */,
				BE4BCE451C79E63A00874964 /* UIViewExt.m in Sources */,
				BED033301C5516EC00030D92 /* AKSegmentedControl.m in Sources */,
				BEEC553B1C74BFA8009FDD55 /* UIImageView+WebCache.m in Sources */,
				BE4204671C5C664400469350 /* UIScrollView+MJExtension.m in Sources */,
				BEEC55341C74BFA8009FDD55 /* SDWebImageManager.m in Sources */,
				BEEC552E1C74BFA8009FDD55 /* NSData+ImageContentType.m in Sources */,
				BECDF79A1C53C78C00D70D52 /* JVFloatLabeledTextField.m in Sources */,
				BE42045E1C5C664400469350 /* MJRefreshAutoStateFooter.m in Sources */,
				BECDF76C1C532A4B00D70D52 /* Config.swift in Sources */,
				BECDF74E1C5314C800D70D52 /* AppDelegate.swift in Sources */,
				BED0330B1C5479FF00030D92 /* VPImageCropperViewController.m in Sources */,
				BE42045B1C5C664400469350 /* MJRefreshHeader.m in Sources */,
				BED8DD981C7B3A6D00CD5FB9 /* HZPhotoBrowser.m in Sources */,
				BEEC552D1C74BFA8009FDD55 /* MKAnnotationView+WebCache.m in Sources */,
				BED8DD8B1C7B253800CD5FB9 /* SWTableViewCell.m in Sources */,
				BECDF79C1C53C78C00D70D52 /* NSString+TextDirectionality.m in Sources */,
				BED8DD8A1C7B253800CD5FB9 /* SWLongPressGestureRecognizer.m in Sources */,
				BED8DD8D1C7B253800CD5FB9 /* SWUtilityButtonView.m in Sources */,
				BEE178F71C58FF6700F05DD3 /* ProgressHUD.m in Sources */,
				BED033071C546A0300030D92 /* PhotoPickerController.swift in Sources */,
				BE4009621C5645BC003DF790 /* IGLDropDownItem.m in Sources */,
				BED033131C54955D00030D92 /* PushDescriptionViewController.swift in Sources */,
				BECDF7791C532E4A00D70D52 /* CircleViewController.swift in Sources */,
				BEF32A0D1C57BDA8007D1B93 /* LoginViewController.swift in Sources */,
				BED0330D1C5494FD00030D92 /* PushTitleViewController.swift in Sources */,
				BE4204681C5C664400469350 /* UIScrollView+MJRefresh.m in Sources */,
				BEEC55361C74BFA8009FDD55 /* UIButton+WebCache.m in Sources */,
				BEEC55301C74BFA8009FDD55 /* SDWebImageCompat.m in Sources */,
				BED8DD881C7B253800CD5FB9 /* NSMutableArray+SWUtilityButtons.m in Sources */,
				BE4BCE3A1C79AD3900874964 /* BookDetailView.swift in Sources */,
				BED8DD991C7B3A6D00CD5FB9 /* HZPhotoBrowserView.m in Sources */,
				BE4204601C5C664400469350 /* MJRefreshBackNormalFooter.m in Sources */,
				BED8DD971C7B3A6D00CD5FB9 /* HZIndicatorView.m in Sources */,
				BE4009631C5645BC003DF790 /* IGLDropDownMenu.m in Sources */,
				BE4204581C5C664400469350 /* MJRefreshBackFooter.m in Sources */,
				BECDF79B1C53C78C00D70D52 /* JVFloatLabeledTextView.m in Sources */,
				BECDF78D1C53C42900D70D52 /* BookTitle.swift in Sources */,
				BECDF7751C532DFB00D70D52 /* SearchViewController.swift in Sources */,
				BEEC55321C74BFA8009FDD55 /* SDWebImageDownloader.m in Sources */,
				BE4204621C5C664400469350 /* MJRefreshGifHeader.m in Sources */,
				BECDF7771C532E3200D70D52 /* PushViewController.swift in Sources */,
				BEEC55371C74BFA8009FDD55 /* UIImage+GIF.m in Sources */,
				BE42045D1C5C664400469350 /* MJRefreshAutoNormalFooter.m in Sources */,
				BE42045F1C5C664400469350 /* MJRefreshBackGifFooter.m in Sources */,
				BE4BCE471C79F72500874964 /* CommnentViewController.swift in Sources */,
				BED0330F1C54950D00030D92 /* PushTypeViewController.swift in Sources */,
				BEEC55331C74BFA8009FDD55 /* SDWebImageDownloaderOperation.m in Sources */,
				BED8DD891C7B253800CD5FB9 /* SWCellScrollView.m in Sources */,
				BED033111C54952300030D92 /* PushScoreViewController.swift in Sources */,
				BEEC55381C74BFA8009FDD55 /* UIImage+MultiFormat.m in Sources */,
				BEEC553C1C74BFA8009FDD55 /* UIView+WebCacheOperation.m in Sources */,
				BE4204291C5C571900469350 /* PushBook.swift in Sources */,
				BECDF7881C53B4DE00D70D52 /* PushNewBookViewController.swift in Sources */,
				BEF32A0F1C57BDB7007D1B93 /* RegisterViewController.swift in Sources */,
				BE4204641C5C664400469350 /* MJRefreshStateHeader.m in Sources */,
				BECDF7731C532C4C00D70D52 /* RankViewController.swift in Sources */,
				BE4204661C5C664400469350 /* MJRefreshConst.m in Sources */,
				BEF32A051C57AAA2007D1B93 /* XKeyBoard.m in Sources */,
				BE4204631C5C664400469350 /* MJRefreshNormalHeader.m in Sources */,
				BE4204591C5C664400469350 /* MJRefreshComponent.m in Sources */,
				BE4BCE491C79F9DA00874964 /* DiscussCell.swift in Sources */,
				BEEC552F1C74BFA8009FDD55 /* SDImageCache.m in Sources */,
			);
			runOnlyForDeploymentPostprocessing = 0;
		};
/* End PBXSourcesBuildPhase section */

/* Begin PBXVariantGroup section */
		BECDF7561C5314C800D70D52 /* LaunchScreen.storyboard */ = {
			isa = PBXVariantGroup;
			children = (
				BECDF7571C5314C800D70D52 /* Base */,
			);
			name = LaunchScreen.storyboard;
			sourceTree = "<group>";
		};
/* End PBXVariantGroup section */

/* Begin XCBuildConfiguration section */
		BECDF75A1C5314C800D70D52 /* Debug */ = {
			isa = XCBuildConfiguration;
			buildSettings = {
				ALWAYS_SEARCH_USER_PATHS = NO;
				CLANG_CXX_LANGUAGE_STANDARD = "gnu++0x";
				CLANG_CXX_LIBRARY = "libc++";
				CLANG_ENABLE_MODULES = YES;
				CLANG_ENABLE_OBJC_ARC = YES;
				CLANG_WARN_BOOL_CONVERSION = YES;
				CLANG_WARN_CONSTANT_CONVERSION = YES;
				CLANG_WARN_DIRECT_OBJC_ISA_USAGE = YES_ERROR;
				CLANG_WARN_EMPTY_BODY = YES;
				CLANG_WARN_ENUM_CONVERSION = YES;
				CLANG_WARN_INT_CONVERSION = YES;
				CLANG_WARN_OBJC_ROOT_CLASS = YES_ERROR;
				CLANG_WARN_UNREACHABLE_CODE = YES;
				CLANG_WARN__DUPLICATE_METHOD_MATCH = YES;
				"CODE_SIGN_IDENTITY[sdk=iphoneos*]" = "iPhone Developer";
				COPY_PHASE_STRIP = NO;
				DEBUG_INFORMATION_FORMAT = dwarf;
				ENABLE_STRICT_OBJC_MSGSEND = YES;
				ENABLE_TESTABILITY = YES;
				GCC_C_LANGUAGE_STANDARD = gnu99;
				GCC_DYNAMIC_NO_PIC = NO;
				GCC_NO_COMMON_BLOCKS = YES;
				GCC_OPTIMIZATION_LEVEL = 0;
				GCC_PREPROCESSOR_DEFINITIONS = (
					"DEBUG=1",
					"$(inherited)",
				);
				GCC_WARN_64_TO_32_BIT_CONVERSION = YES;
				GCC_WARN_ABOUT_RETURN_TYPE = YES_ERROR;
				GCC_WARN_UNDECLARED_SELECTOR = YES;
				GCC_WARN_UNINITIALIZED_AUTOS = YES_AGGRESSIVE;
				GCC_WARN_UNUSED_FUNCTION = YES;
				GCC_WARN_UNUSED_VARIABLE = YES;
				IPHONEOS_DEPLOYMENT_TARGET = 9.1;
				MTL_ENABLE_DEBUG_INFO = YES;
				ONLY_ACTIVE_ARCH = YES;
				SDKROOT = iphoneos;
				SWIFT_OPTIMIZATION_LEVEL = "-Onone";
				TARGETED_DEVICE_FAMILY = "1,2";
			};
			name = Debug;
		};
		BECDF75B1C5314C800D70D52 /* Release */ = {
			isa = XCBuildConfiguration;
			buildSettings = {
				ALWAYS_SEARCH_USER_PATHS = NO;
				CLANG_CXX_LANGUAGE_STANDARD = "gnu++0x";
				CLANG_CXX_LIBRARY = "libc++";
				CLANG_ENABLE_MODULES = YES;
				CLANG_ENABLE_OBJC_ARC = YES;
				CLANG_WARN_BOOL_CONVERSION = YES;
				CLANG_WARN_CONSTANT_CONVERSION = YES;
				CLANG_WARN_DIRECT_OBJC_ISA_USAGE = YES_ERROR;
				CLANG_WARN_EMPTY_BODY = YES;
				CLANG_WARN_ENUM_CONVERSION = YES;
				CLANG_WARN_INT_CONVERSION = YES;
				CLANG_WARN_OBJC_ROOT_CLASS = YES_ERROR;
				CLANG_WARN_UNREACHABLE_CODE = YES;
				CLANG_WARN__DUPLICATE_METHOD_MATCH = YES;
				"CODE_SIGN_IDENTITY[sdk=iphoneos*]" = "iPhone Developer";
				COPY_PHASE_STRIP = NO;
				DEBUG_INFORMATION_FORMAT = "dwarf-with-dsym";
				ENABLE_NS_ASSERTIONS = NO;
				ENABLE_STRICT_OBJC_MSGSEND = YES;
				GCC_C_LANGUAGE_STANDARD = gnu99;
				GCC_NO_COMMON_BLOCKS = YES;
				GCC_WARN_64_TO_32_BIT_CONVERSION = YES;
				GCC_WARN_ABOUT_RETURN_TYPE = YES_ERROR;
				GCC_WARN_UNDECLARED_SELECTOR = YES;
				GCC_WARN_UNINITIALIZED_AUTOS = YES_AGGRESSIVE;
				GCC_WARN_UNUSED_FUNCTION = YES;
				GCC_WARN_UNUSED_VARIABLE = YES;
				IPHONEOS_DEPLOYMENT_TARGET = 9.1;
				MTL_ENABLE_DEBUG_INFO = NO;
				SDKROOT = iphoneos;
				TARGETED_DEVICE_FAMILY = "1,2";
				VALIDATE_PRODUCT = YES;
			};
			name = Release;
		};
		BECDF75D1C5314C800D70D52 /* Debug */ = {
			isa = XCBuildConfiguration;
			buildSettings = {
				ASSETCATALOG_COMPILER_APPICON_NAME = AppIcon;
				CODE_SIGN_IDENTITY = "iPhone Developer";
				FRAMEWORK_SEARCH_PATHS = (
					"$(inherited)",
					"$(PROJECT_DIR)",
				);
				INFOPLIST_FILE = RecommendBook/Info.plist;
				LD_RUNPATH_SEARCH_PATHS = "$(inherited) @executable_path/Frameworks";
				OTHER_LDFLAGS = (
					"-lz",
					"-licucore",
					"-ObjC",
					"-lc++",
					"-lsqlite3",
				);
				PRODUCT_BUNDLE_IDENTIFIER = flyer.RecommendBook;
				PRODUCT_NAME = "$(TARGET_NAME)";
				SWIFT_OBJC_BRIDGING_HEADER = RecommendBook/bridging.h;
			};
			name = Debug;
		};
		BECDF75E1C5314C800D70D52 /* Release */ = {
			isa = XCBuildConfiguration;
			buildSettings = {
				ASSETCATALOG_COMPILER_APPICON_NAME = AppIcon;
				CODE_SIGN_IDENTITY = "iPhone Developer";
				FRAMEWORK_SEARCH_PATHS = (
					"$(inherited)",
					"$(PROJECT_DIR)",
				);
				INFOPLIST_FILE = RecommendBook/Info.plist;
				LD_RUNPATH_SEARCH_PATHS = "$(inherited) @executable_path/Frameworks";
				OTHER_LDFLAGS = (
					"-lz",
					"-licucore",
					"-ObjC",
					"-lc++",
					"-lsqlite3",
				);
				PRODUCT_BUNDLE_IDENTIFIER = flyer.RecommendBook;
				PRODUCT_NAME = "$(TARGET_NAME)";
				SWIFT_OBJC_BRIDGING_HEADER = RecommendBook/bridging.h;
			};
			name = Release;
		};
/* End XCBuildConfiguration section */

/* Begin XCConfigurationList section */
		BECDF7451C5314C800D70D52 /* Build configuration list for PBXProject "RecommendBook" */ = {
			isa = XCConfigurationList;
			buildConfigurations = (
				BECDF75A1C5314C800D70D52 /* Debug */,
				BECDF75B1C5314C800D70D52 /* Release */,
			);
			defaultConfigurationIsVisible = 0;
			defaultConfigurationName = Release;
		};
		BECDF75C1C5314C800D70D52 /* Build configuration list for PBXNativeTarget "RecommendBook" */ = {
			isa = XCConfigurationList;
			buildConfigurations = (
				BECDF75D1C5314C800D70D52 /* Debug */,
				BECDF75E1C5314C800D70D52 /* Release */,
			);
			defaultConfigurationIsVisible = 0;
			defaultConfigurationName = Release;
		};
/* End XCConfigurationList section */
	};
	rootObject = BECDF7421C5314C800D70D52 /* Project object */;
}
