// !$*UTF8*$!
{
	archiveVersion = 1;
	classes = {
	};
	objectVersion = 46;
	objects = {

/* Begin PBXBuildFile section */
		BECDF74E1C5314C800D70D52 /* AppDelegate.swift in Sources */ = {isa = PBXBuildFile; fileRef = BECDF74D1C5314C800D70D52 /* AppDelegate.swift */; };
		BECDF7581C5314C800D70D52 /* LaunchScreen.storyboard in Resources */ = {isa = PBXBuildFile; fileRef = BECDF7561C5314C800D70D52 /* LaunchScreen.storyboard */; };
		BECDF7611C53265100D70D52 /* AVOSCloud.framework in Frameworks */ = {isa = PBXBuildFile; fileRef = BECDF7601C53265100D70D52 /* AVOSCloud.framework */; };
		BECDF7631C5326EB00D70D52 /* SystemConfiguration.framework in Frameworks */ = {isa = PBXBuildFile; fileRef = BECDF7621C5326EB00D70D52 /* SystemConfiguration.framework */; };
		BECDF7651C5326FD00D70D52 /* MobileCoreServices.framework in Frameworks */ = {isa = PBXBuildFile; fileRef = BECDF7641C5326FD00D70D52 /* MobileCoreServices.framework */; };
		BECDF7671C53271200D70D52 /* CoreTelephony.framework in Frameworks */ = {isa = PBXBuildFile; fileRef = BECDF7661C53271200D70D52 /* CoreTelephony.framework */; };
		BECDF7691C53272500D70D52 /* CoreLocation.framework in Frameworks */ = {isa = PBXBuildFile; fileRef = BECDF7681C53272500D70D52 /* CoreLocation.framework */; };
		BECDF76C1C532A4B00D70D52 /* Config.swift in Sources */ = {isa = PBXBuildFile; fileRef = BECDF76B1C532A4B00D70D52 /* Config.swift */; };
		BECDF7731C532C4C00D70D52 /* RankViewController.swift in Sources */ = {isa = PBXBuildFile; fileRef = BECDF7721C532C4C00D70D52 /* RankViewController.swift */; };
		BECDF7751C532DFB00D70D52 /* SearchViewController.swift in Sources */ = {isa = PBXBuildFile; fileRef = BECDF7741C532DFB00D70D52 /* SearchViewController.swift */; };
		BECDF7771C532E3200D70D52 /* PushViewController.swift in Sources */ = {isa = PBXBuildFile; fileRef = BECDF7761C532E3200D70D52 /* PushViewController.swift */; };
		BECDF7791C532E4A00D70D52 /* CircleViewController.swift in Sources */ = {isa = PBXBuildFile; fileRef = BECDF7781C532E4A00D70D52 /* CircleViewController.swift */; };
		BECDF77B1C532E5D00D70D52 /* MoreViewController.swift in Sources */ = {isa = PBXBuildFile; fileRef = BECDF77A1C532E5D00D70D52 /* MoreViewController.swift */; };
		BECDF77D1C5334FF00D70D52 /* Assets.xcassets in Resources */ = {isa = PBXBuildFile; fileRef = BECDF77C1C5334FF00D70D52 /* Assets.xcassets */; };
/* End PBXBuildFile section */

/* Begin PBXFileReference section */
		BECDF74A1C5314C800D70D52 /* RecommendBook.app */ = {isa = PBXFileReference; explicitFileType = wrapper.application; includeInIndex = 0; path = RecommendBook.app; sourceTree = BUILT_PRODUCTS_DIR; };
		BECDF74D1C5314C800D70D52 /* AppDelegate.swift */ = {isa = PBXFileReference; lastKnownFileType = sourcecode.swift; path = AppDelegate.swift; sourceTree = "<group>"; };
		BECDF7571C5314C800D70D52 /* Base */ = {isa = PBXFileReference; lastKnownFileType = file.storyboard; name = Base; path = Base.lproj/LaunchScreen.storyboard; sourceTree = "<group>"; };
		BECDF7591C5314C800D70D52 /* Info.plist */ = {isa = PBXFileReference; lastKnownFileType = text.plist.xml; path = Info.plist; sourceTree = "<group>"; };
		BECDF7601C53265100D70D52 /* AVOSCloud.framework */ = {isa = PBXFileReference; lastKnownFileType = wrapper.framework; path = AVOSCloud.framework; sourceTree = "<group>"; };
		BECDF7621C5326EB00D70D52 /* SystemConfiguration.framework */ = {isa = PBXFileReference; lastKnownFileType = wrapper.framework; name = SystemConfiguration.framework; path = System/Library/Frameworks/SystemConfiguration.framework; sourceTree = SDKROOT; };
		BECDF7641C5326FD00D70D52 /* MobileCoreServices.framework */ = {isa = PBXFileReference; lastKnownFileType = wrapper.framework; name = MobileCoreServices.framework; path = System/Library/Frameworks/MobileCoreServices.framework; sourceTree = SDKROOT; };
		BECDF7661C53271200D70D52 /* CoreTelephony.framework */ = {isa = PBXFileReference; lastKnownFileType = wrapper.framework; name = CoreTelephony.framework; path = System/Library/Frameworks/CoreTelephony.framework; sourceTree = SDKROOT; };
		BECDF7681C53272500D70D52 /* CoreLocation.framework */ = {isa = PBXFileReference; lastKnownFileType = wrapper.framework; name = CoreLocation.framework; path = System/Library/Frameworks/CoreLocation.framework; sourceTree = SDKROOT; };
		BECDF76A1C53294000D70D52 /* bridging.h */ = {isa = PBXFileReference; lastKnownFileType = sourcecode.c.h; path = bridging.h; sourceTree = "<group>"; };
		BECDF76B1C532A4B00D70D52 /* Config.swift */ = {isa = PBXFileReference; fileEncoding = 4; lastKnownFileType = sourcecode.swift; path = Config.swift; sourceTree = "<group>"; };
		BECDF7721C532C4C00D70D52 /* RankViewController.swift */ = {isa = PBXFileReference; fileEncoding = 4; lastKnownFileType = sourcecode.swift; path = RankViewController.swift; sourceTree = "<group>"; };
		BECDF7741C532DFB00D70D52 /* SearchViewController.swift */ = {isa = PBXFileReference; fileEncoding = 4; lastKnownFileType = sourcecode.swift; path = SearchViewController.swift; sourceTree = "<group>"; };
		BECDF7761C532E3200D70D52 /* PushViewController.swift */ = {isa = PBXFileReference; fileEncoding = 4; lastKnownFileType = sourcecode.swift; path = PushViewController.swift; sourceTree = "<group>"; };
		BECDF7781C532E4A00D70D52 /* CircleViewController.swift */ = {isa = PBXFileReference; fileEncoding = 4; lastKnownFileType = sourcecode.swift; path = CircleViewController.swift; sourceTree = "<group>"; };
		BECDF77A1C532E5D00D70D52 /* MoreViewController.swift */ = {isa = PBXFileReference; fileEncoding = 4; lastKnownFileType = sourcecode.swift; path = MoreViewController.swift; sourceTree = "<group>"; };
		BECDF77C1C5334FF00D70D52 /* Assets.xcassets */ = {isa = PBXFileReference; lastKnownFileType = folder.assetcatalog; path = Assets.xcassets; sourceTree = "<group>"; };
/* End PBXFileReference section */

/* Begin PBXFrameworksBuildPhase section */
		BECDF7471C5314C800D70D52 /* Frameworks */ = {
			isa = PBXFrameworksBuildPhase;
			buildActionMask = 2147483647;
			files = (
				BECDF7691C53272500D70D52 /* CoreLocation.framework in Frameworks */,
				BECDF7671C53271200D70D52 /* CoreTelephony.framework in Frameworks */,
				BECDF7651C5326FD00D70D52 /* MobileCoreServices.framework in Frameworks */,
				BECDF7631C5326EB00D70D52 /* SystemConfiguration.framework in Frameworks */,
				BECDF7611C53265100D70D52 /* AVOSCloud.framework in Frameworks */,
			);
			runOnlyForDeploymentPostprocessing = 0;
		};
/* End PBXFrameworksBuildPhase section */

/* Begin PBXGroup section */
		BECDF7411C5314C800D70D52 = {
			isa = PBXGroup;
			children = (
				BECDF75F1C53261A00D70D52 /* Frameworks */,
				BECDF74C1C5314C800D70D52 /* RecommendBook */,
				BECDF74B1C5314C800D70D52 /* Products */,
			);
			sourceTree = "<group>";
		};
		BECDF74B1C5314C800D70D52 /* Products */ = {
			isa = PBXGroup;
			children = (
				BECDF74A1C5314C800D70D52 /* RecommendBook.app */,
			);
			name = Products;
			sourceTree = "<group>";
		};
		BECDF74C1C5314C800D70D52 /* RecommendBook */ = {
			isa = PBXGroup;
			children = (
				BECDF7711C532BC300D70D52 /* More */,
				BECDF7701C532BAC00D70D52 /* Circle */,
				BECDF76F1C532B9700D70D52 /* Push */,
				BECDF76E1C532B8F00D70D52 /* Search */,
				BECDF76D1C532B8600D70D52 /* Rank */,
				BECDF74D1C5314C800D70D52 /* AppDelegate.swift */,
				BECDF7561C5314C800D70D52 /* LaunchScreen.storyboard */,
				BECDF77C1C5334FF00D70D52 /* Assets.xcassets */,
				BECDF7591C5314C800D70D52 /* Info.plist */,
				BECDF76A1C53294000D70D52 /* bridging.h */,
				BECDF76B1C532A4B00D70D52 /* Config.swift */,
			);
			path = RecommendBook;
			sourceTree = "<group>";
		};
		BECDF75F1C53261A00D70D52 /* Frameworks */ = {
			isa = PBXGroup;
			children = (
				BECDF7681C53272500D70D52 /* CoreLocation.framework */,
				BECDF7661C53271200D70D52 /* CoreTelephony.framework */,
				BECDF7641C5326FD00D70D52 /* MobileCoreServices.framework */,
				BECDF7621C5326EB00D70D52 /* SystemConfiguration.framework */,
				BECDF7601C53265100D70D52 /* AVOSCloud.framework */,
			);
			name = Frameworks;
			sourceTree = "<group>";
		};
		BECDF76D1C532B8600D70D52 /* Rank */ = {
			isa = PBXGroup;
			children = (
				BECDF7721C532C4C00D70D52 /* RankViewController.swift */,
			);
			name = Rank;
			sourceTree = "<group>";
		};
		BECDF76E1C532B8F00D70D52 /* Search */ = {
			isa = PBXGroup;
			children = (
				BECDF7741C532DFB00D70D52 /* SearchViewController.swift */,
			);
			name = Search;
			sourceTree = "<group>";
		};
		BECDF76F1C532B9700D70D52 /* Push */ = {
			isa = PBXGroup;
			children = (
				BECDF7761C532E3200D70D52 /* PushViewController.swift */,
			);
			name = Push;
			sourceTree = "<group>";
		};
		BECDF7701C532BAC00D70D52 /* Circle */ = {
			isa = PBXGroup;
			children = (
				BECDF7781C532E4A00D70D52 /* CircleViewController.swift */,
			);
			name = Circle;
			sourceTree = "<group>";
		};
		BECDF7711C532BC300D70D52 /* More */ = {
			isa = PBXGroup;
			children = (
				BECDF77A1C532E5D00D70D52 /* MoreViewController.swift */,
			);
			name = More;
			sourceTree = "<group>";
		};
/* End PBXGroup section */

/* Begin PBXNativeTarget section */
		BECDF7491C5314C800D70D52 /* RecommendBook */ = {
			isa = PBXNativeTarget;
			buildConfigurationList = BECDF75C1C5314C800D70D52 /* Build configuration list for PBXNativeTarget "RecommendBook" */;
			buildPhases = (
				BECDF7461C5314C800D70D52 /* Sources */,
				BECDF7471C5314C800D70D52 /* Frameworks */,
				BECDF7481C5314C800D70D52 /* Resources */,
			);
			buildRules = (
			);
			dependencies = (
			);
			name = RecommendBook;
			productName = RecommendBook;
			productReference = BECDF74A1C5314C800D70D52 /* RecommendBook.app */;
			productType = "com.apple.product-type.application";
		};
/* End PBXNativeTarget section */

/* Begin PBXProject section */
		BECDF7421C5314C800D70D52 /* Project object */ = {
			isa = PBXProject;
			attributes = {
				LastSwiftUpdateCheck = 0710;
				LastUpgradeCheck = 0710;
				ORGANIZATIONNAME = "梁传飞";
				TargetAttributes = {
					BECDF7491C5314C800D70D52 = {
						CreatedOnToolsVersion = 7.1;
						DevelopmentTeam = 2EY7Q8C52T;
					};
				};
			};
			buildConfigurationList = BECDF7451C5314C800D70D52 /* Build configuration list for PBXProject "RecommendBook" */;
			compatibilityVersion = "Xcode 3.2";
			developmentRegion = English;
			hasScannedForEncodings = 0;
			knownRegions = (
				en,
				Base,
			);
			mainGroup = BECDF7411C5314C800D70D52;
			productRefGroup = BECDF74B1C5314C800D70D52 /* Products */;
			projectDirPath = "";
			projectRoot = "";
			targets = (
				BECDF7491C5314C800D70D52 /* RecommendBook */,
			);
		};
/* End PBXProject section */

/* Begin PBXResourcesBuildPhase section */
		BECDF7481C5314C800D70D52 /* Resources */ = {
			isa = PBXResourcesBuildPhase;
			buildActionMask = 2147483647;
			files = (
				BECDF77D1C5334FF00D70D52 /* Assets.xcassets in Resources */,
				BECDF7581C5314C800D70D52 /* LaunchScreen.storyboard in Resources */,
			);
			runOnlyForDeploymentPostprocessing = 0;
		};
/* End PBXResourcesBuildPhase section */

/* Begin PBXSourcesBuildPhase section */
		BECDF7461C5314C800D70D52 /* Sources */ = {
			isa = PBXSourcesBuildPhase;
			buildActionMask = 2147483647;
			files = (
				BECDF77B1C532E5D00D70D52 /* MoreViewController.swift in Sources */,
				BECDF76C1C532A4B00D70D52 /* Config.swift in Sources */,
				BECDF74E1C5314C800D70D52 /* AppDelegate.swift in Sources */,
				BECDF7791C532E4A00D70D52 /* CircleViewController.swift in Sources */,
				BECDF7751C532DFB00D70D52 /* SearchViewController.swift in Sources */,
				BECDF7771C532E3200D70D52 /* PushViewController.swift in Sources */,
				BECDF7731C532C4C00D70D52 /* RankViewController.swift in Sources */,
			);
			runOnlyForDeploymentPostprocessing = 0;
		};
/* End PBXSourcesBuildPhase section */

/* Begin PBXVariantGroup section */
		BECDF7561C5314C800D70D52 /* LaunchScreen.storyboard */ = {
			isa = PBXVariantGroup;
			children = (
				BECDF7571C5314C800D70D52 /* Base */,
			);
			name = LaunchScreen.storyboard;
			sourceTree = "<group>";
		};
/* End PBXVariantGroup section */

/* Begin XCBuildConfiguration section */
		BECDF75A1C5314C800D70D52 /* Debug */ = {
			isa = XCBuildConfiguration;
			buildSettings = {
				ALWAYS_SEARCH_USER_PATHS = NO;
				CLANG_CXX_LANGUAGE_STANDARD = "gnu++0x";
				CLANG_CXX_LIBRARY = "libc++";
				CLANG_ENABLE_MODULES = YES;
				CLANG_ENABLE_OBJC_ARC = YES;
				CLANG_WARN_BOOL_CONVERSION = YES;
				CLANG_WARN_CONSTANT_CONVERSION = YES;
				CLANG_WARN_DIRECT_OBJC_ISA_USAGE = YES_ERROR;
				CLANG_WARN_EMPTY_BODY = YES;
				CLANG_WARN_ENUM_CONVERSION = YES;
				CLANG_WARN_INT_CONVERSION = YES;
				CLANG_WARN_OBJC_ROOT_CLASS = YES_ERROR;
				CLANG_WARN_UNREACHABLE_CODE = YES;
				CLANG_WARN__DUPLICATE_METHOD_MATCH = YES;
				"CODE_SIGN_IDENTITY[sdk=iphoneos*]" = "iPhone Developer";
				COPY_PHASE_STRIP = NO;
				DEBUG_INFORMATION_FORMAT = dwarf;
				ENABLE_STRICT_OBJC_MSGSEND = YES;
				ENABLE_TESTABILITY = YES;
				GCC_C_LANGUAGE_STANDARD = gnu99;
				GCC_DYNAMIC_NO_PIC = NO;
				GCC_NO_COMMON_BLOCKS = YES;
				GCC_OPTIMIZATION_LEVEL = 0;
				GCC_PREPROCESSOR_DEFINITIONS = (
					"DEBUG=1",
					"$(inherited)",
				);
				GCC_WARN_64_TO_32_BIT_CONVERSION = YES;
				GCC_WARN_ABOUT_RETURN_TYPE = YES_ERROR;
				GCC_WARN_UNDECLARED_SELECTOR = YES;
				GCC_WARN_UNINITIALIZED_AUTOS = YES_AGGRESSIVE;
				GCC_WARN_UNUSED_FUNCTION = YES;
				GCC_WARN_UNUSED_VARIABLE = YES;
				IPHONEOS_DEPLOYMENT_TARGET = 9.1;
				MTL_ENABLE_DEBUG_INFO = YES;
				ONLY_ACTIVE_ARCH = YES;
				SDKROOT = iphoneos;
				SWIFT_OPTIMIZATION_LEVEL = "-Onone";
				TARGETED_DEVICE_FAMILY = "1,2";
			};
			name = Debug;
		};
		BECDF75B1C5314C800D70D52 /* Release */ = {
			isa = XCBuildConfiguration;
			buildSettings = {
				ALWAYS_SEARCH_USER_PATHS = NO;
				CLANG_CXX_LANGUAGE_STANDARD = "gnu++0x";
				CLANG_CXX_LIBRARY = "libc++";
				CLANG_ENABLE_MODULES = YES;
				CLANG_ENABLE_OBJC_ARC = YES;
				CLANG_WARN_BOOL_CONVERSION = YES;
				CLANG_WARN_CONSTANT_CONVERSION = YES;
				CLANG_WARN_DIRECT_OBJC_ISA_USAGE = YES_ERROR;
				CLANG_WARN_EMPTY_BODY = YES;
				CLANG_WARN_ENUM_CONVERSION = YES;
				CLANG_WARN_INT_CONVERSION = YES;
				CLANG_WARN_OBJC_ROOT_CLASS = YES_ERROR;
				CLANG_WARN_UNREACHABLE_CODE = YES;
				CLANG_WARN__DUPLICATE_METHOD_MATCH = YES;
				"CODE_SIGN_IDENTITY[sdk=iphoneos*]" = "iPhone Developer";
				COPY_PHASE_STRIP = NO;
				DEBUG_INFORMATION_FORMAT = "dwarf-with-dsym";
				ENABLE_NS_ASSERTIONS = NO;
				ENABLE_STRICT_OBJC_MSGSEND = YES;
				GCC_C_LANGUAGE_STANDARD = gnu99;
				GCC_NO_COMMON_BLOCKS = YES;
				GCC_WARN_64_TO_32_BIT_CONVERSION = YES;
				GCC_WARN_ABOUT_RETURN_TYPE = YES_ERROR;
				GCC_WARN_UNDECLARED_SELECTOR = YES;
				GCC_WARN_UNINITIALIZED_AUTOS = YES_AGGRESSIVE;
				GCC_WARN_UNUSED_FUNCTION = YES;
				GCC_WARN_UNUSED_VARIABLE = YES;
				IPHONEOS_DEPLOYMENT_TARGET = 9.1;
				MTL_ENABLE_DEBUG_INFO = NO;
				SDKROOT = iphoneos;
				TARGETED_DEVICE_FAMILY = "1,2";
				VALIDATE_PRODUCT = YES;
			};
			name = Release;
		};
		BECDF75D1C5314C800D70D52 /* Debug */ = {
			isa = XCBuildConfiguration;
			buildSettings = {
				ASSETCATALOG_COMPILER_APPICON_NAME = AppIcon;
				FRAMEWORK_SEARCH_PATHS = (
					"$(inherited)",
					"$(PROJECT_DIR)",
				);
				INFOPLIST_FILE = RecommendBook/Info.plist;
				LD_RUNPATH_SEARCH_PATHS = "$(inherited) @executable_path/Frameworks";
				OTHER_LDFLAGS = (
					"-lz",
					"-licucore",
					"-ObjC",
					"-lc++",
					"-lsqlite3",
				);
				PRODUCT_BUNDLE_IDENTIFIER = flyer.RecommendBook;
				PRODUCT_NAME = "$(TARGET_NAME)";
				SWIFT_OBJC_BRIDGING_HEADER = RecommendBook/bridging.h;
			};
			name = Debug;
		};
		BECDF75E1C5314C800D70D52 /* Release */ = {
			isa = XCBuildConfiguration;
			buildSettings = {
				ASSETCATALOG_COMPILER_APPICON_NAME = AppIcon;
				FRAMEWORK_SEARCH_PATHS = (
					"$(inherited)",
					"$(PROJECT_DIR)",
				);
				INFOPLIST_FILE = RecommendBook/Info.plist;
				LD_RUNPATH_SEARCH_PATHS = "$(inherited) @executable_path/Frameworks";
				OTHER_LDFLAGS = (
					"-lz",
					"-licucore",
					"-ObjC",
					"-lc++",
					"-lsqlite3",
				);
				PRODUCT_BUNDLE_IDENTIFIER = flyer.RecommendBook;
				PRODUCT_NAME = "$(TARGET_NAME)";
				SWIFT_OBJC_BRIDGING_HEADER = RecommendBook/bridging.h;
			};
			name = Release;
		};
/* End XCBuildConfiguration section */

/* Begin XCConfigurationList section */
		BECDF7451C5314C800D70D52 /* Build configuration list for PBXProject "RecommendBook" */ = {
			isa = XCConfigurationList;
			buildConfigurations = (
				BECDF75A1C5314C800D70D52 /* Debug */,
				BECDF75B1C5314C800D70D52 /* Release */,
			);
			defaultConfigurationIsVisible = 0;
			defaultConfigurationName = Release;
		};
		BECDF75C1C5314C800D70D52 /* Build configuration list for PBXNativeTarget "RecommendBook" */ = {
			isa = XCConfigurationList;
			buildConfigurations = (
				BECDF75D1C5314C800D70D52 /* Debug */,
				BECDF75E1C5314C800D70D52 /* Release */,
			);
			defaultConfigurationIsVisible = 0;
			defaultConfigurationName = Release;
		};
/* End XCConfigurationList section */
	};
	rootObject = BECDF7421C5314C800D70D52 /* Project object */;
}
